// !$*UTF8*$!
{
	archiveVersion = 1;
	classes = {
	};
	objectVersion = 48;
	objects = {

/* Begin PBXBuildFile section */
		18F8DB2F1FA6CA06003148FB /* ContactVC.swift in Sources */ = {isa = PBXBuildFile; fileRef = 18F8DB2E1FA6CA06003148FB /* ContactVC.swift */; };
		3B220D1F1F8483DE00782306 /* Wifi.storyboard in Resources */ = {isa = PBXBuildFile; fileRef = 3B220D1D1F8483BC00782306 /* Wifi.storyboard */; };
		3B289B421F9D9DB500906FBF /* Ping.m in Sources */ = {isa = PBXBuildFile; fileRef = 3B6BDEAD1F9D8D330020A5CD /* Ping.m */; };
		3B2A437D1F87781C0053A89B /* BoostMemory.storyboard in Resources */ = {isa = PBXBuildFile; fileRef = 3B2A43771F87781C0053A89B /* BoostMemory.storyboard */; };
		3B2A437E1F87781C0053A89B /* NetworkSpeed.storyboard in Resources */ = {isa = PBXBuildFile; fileRef = 3B2A43791F87781C0053A89B /* NetworkSpeed.storyboard */; };
		3B2A437F1F87781C0053A89B /* SortFileTableVC.storyboard in Resources */ = {isa = PBXBuildFile; fileRef = 3B2A437B1F87781C0053A89B /* SortFileTableVC.storyboard */; };
		3B2A43921F877B5A0053A89B /* BoostVC.swift in Sources */ = {isa = PBXBuildFile; fileRef = 3B2A43851F8779080053A89B /* BoostVC.swift */; };
		3B2A43931F877B5F0053A89B /* JunkCleanVC.swift in Sources */ = {isa = PBXBuildFile; fileRef = 3B2A43821F8779080053A89B /* JunkCleanVC.swift */; };
		3B2A43941F877B5F0053A89B /* DashboardVC.swift in Sources */ = {isa = PBXBuildFile; fileRef = 3B2A43801F8779080053A89B /* DashboardVC.swift */; };
		3B2A43951F877B5F0053A89B /* NetworkSpeedVC.swift in Sources */ = {isa = PBXBuildFile; fileRef = 3B2A43831F8779080053A89B /* NetworkSpeedVC.swift */; };
		3B2A43971F877B5F0053A89B /* WifiVC.swift in Sources */ = {isa = PBXBuildFile; fileRef = 3B2A43841F8779080053A89B /* WifiVC.swift */; };
		3B2A43981F877B640053A89B /* SortFileTableVC.swift in Sources */ = {isa = PBXBuildFile; fileRef = 3B2A43871F87790F0053A89B /* SortFileTableVC.swift */; };
		3B2A439B1F877B670053A89B /* CustomView.swift in Sources */ = {isa = PBXBuildFile; fileRef = 3B2A43881F8779870053A89B /* CustomView.swift */; };
		3B2A439C1F877B670053A89B /* GradientColorView.swift in Sources */ = {isa = PBXBuildFile; fileRef = 3B2A438B1F8779870053A89B /* GradientColorView.swift */; };
		3B2A439D1F877B670053A89B /* PieChartView.swift in Sources */ = {isa = PBXBuildFile; fileRef = 3B2A43891F8779870053A89B /* PieChartView.swift */; };
		3B2A439E1F877B670053A89B /* View.swift in Sources */ = {isa = PBXBuildFile; fileRef = 3B2A438A1F8779870053A89B /* View.swift */; };
		3B2A43A01F877BCD0053A89B /* JunkClean.storyboard in Resources */ = {isa = PBXBuildFile; fileRef = 3B2A438F1F8779E60053A89B /* JunkClean.storyboard */; };
		3B64C5E81FA18E77000F85F5 /* VideoViewController.swift in Sources */ = {isa = PBXBuildFile; fileRef = 3B64C5E71FA18E77000F85F5 /* VideoViewController.swift */; };
		3BA937631F973BFF002AA152 /* GoogleMobileAds.framework in Frameworks */ = {isa = PBXBuildFile; fileRef = 3BA937621F973BFF002AA152 /* GoogleMobileAds.framework */; };
		3BA937651F973DA7002AA152 /* GoogleAdsMob.swift in Sources */ = {isa = PBXBuildFile; fileRef = 3BA937641F973DA7002AA152 /* GoogleAdsMob.swift */; };
		3BB71E301F9857B000263DF5 /* SystemServices.swift in Sources */ = {isa = PBXBuildFile; fileRef = 3BB71E2F1F9857B000263DF5 /* SystemServices.swift */; };
		3F223BFA1F91A13C0075911F /* NetworkServices.swift in Sources */ = {isa = PBXBuildFile; fileRef = 3F223BF91F91A13C0075911F /* NetworkServices.swift */; };
		3F2241D01F91FE220075911F /* ConvertMpbs.swift in Sources */ = {isa = PBXBuildFile; fileRef = 3F223BFD1F91A7810075911F /* ConvertMpbs.swift */; };
		3F30D7241F8885DF00C28CA2 /* Main.storyboard in Resources */ = {isa = PBXBuildFile; fileRef = 3F30D7231F8885D900C28CA2 /* Main.storyboard */; };
		3F30D7271F88866C00C28CA2 /* MenuTableVC.swift in Sources */ = {isa = PBXBuildFile; fileRef = 3F30D7251F88866C00C28CA2 /* MenuTableVC.swift */; };
		3F30D7281F88866C00C28CA2 /* ContainerVC.swift in Sources */ = {isa = PBXBuildFile; fileRef = 3F30D7261F88866C00C28CA2 /* ContainerVC.swift */; };
		3F30D72B1F88880700C28CA2 /* Constants.swift in Sources */ = {isa = PBXBuildFile; fileRef = 3F30D72A1F88880700C28CA2 /* Constants.swift */; };
		3F661ECB1F9424EE00E030E4 /* DeviceServices.swift in Sources */ = {isa = PBXBuildFile; fileRef = 3F661ECA1F9424E700E030E4 /* DeviceServices.swift */; };
		3F673ED91F82560600E0DA07 /* Dashboard.storyboard in Resources */ = {isa = PBXBuildFile; fileRef = 3F673E9B1F82556700E0DA07 /* Dashboard.storyboard */; };
		3F673EDC1F8258AB00E0DA07 /* AppDelegate.swift in Sources */ = {isa = PBXBuildFile; fileRef = 3F673EDB1F8258AB00E0DA07 /* AppDelegate.swift */; };
		3F7852EB1F939DC60044F1A0 /* SimplePing.m in Sources */ = {isa = PBXBuildFile; fileRef = 3F7852E61F939BB60044F1A0 /* SimplePing.m */; };
		3F9DE7821F96FF2B0018A861 /* Memory.swift in Sources */ = {isa = PBXBuildFile; fileRef = 3F20C9E71F95E8DD00DD46BD /* Memory.swift */; };
		3F9DE7831F96FF450018A861 /* CPU.swift in Sources */ = {isa = PBXBuildFile; fileRef = 3F20C9E41F95E8DD00DD46BD /* CPU.swift */; };
		3F9DE7841F96FF6A0018A861 /* System.swift in Sources */ = {isa = PBXBuildFile; fileRef = 3F20C9ED1F95E8DD00DD46BD /* System.swift */; };
		3F9DE7851F96FF830018A861 /* FPS.swift in Sources */ = {isa = PBXBuildFile; fileRef = 3F20C9E51F95E8DD00DD46BD /* FPS.swift */; };
		3F9DE7861F96FF830018A861 /* Hardware.swift in Sources */ = {isa = PBXBuildFile; fileRef = 3F20C9E61F95E8DD00DD46BD /* Hardware.swift */; };
		3F9DE7871F96FF830018A861 /* Network.swift in Sources */ = {isa = PBXBuildFile; fileRef = 3F20C9E81F95E8DD00DD46BD /* Network.swift */; };
		3F9DE7881F96FF830018A861 /* NetworkFlow.swift in Sources */ = {isa = PBXBuildFile; fileRef = 3F20C9E91F95E8DD00DD46BD /* NetworkFlow.swift */; };
		3F9DE7891F96FF8E0018A861 /* NetObjc.m in Sources */ = {isa = PBXBuildFile; fileRef = 3F20C9EC1F95E8DD00DD46BD /* NetObjc.m */; };
		3FD96D371FA98A4E00AF332E /* GaugeLayer.swift in Sources */ = {isa = PBXBuildFile; fileRef = 3FD96D361FA98A4D00AF332E /* GaugeLayer.swift */; };
		3FD96D391FA98A5300AF332E /* GaugeView.swift in Sources */ = {isa = PBXBuildFile; fileRef = 3FD96D381FA98A5300AF332E /* GaugeView.swift */; };
		3FF0FAB81FA0109500030750 /* SweepView.swift in Sources */ = {isa = PBXBuildFile; fileRef = 3FF0FAB71FA0109500030750 /* SweepView.swift */; };
		3FF0FABA1FA0109D00030750 /* CountingLabel.swift in Sources */ = {isa = PBXBuildFile; fileRef = 3FF0FAB91FA0109D00030750 /* CountingLabel.swift */; };
		8425DC3F1F9EB54300AE29C7 /* PHAssetExtension.swift in Sources */ = {isa = PBXBuildFile; fileRef = 8425DC3E1F9EB54300AE29C7 /* PHAssetExtension.swift */; };
		8475E72E1F88B5D200F34CFC /* data.plist in Resources */ = {isa = PBXBuildFile; fileRef = 8475E7141F88B5D200F34CFC /* data.plist */; };
		8475E72F1F88B5D200F34CFC /* MacFinder.m in Sources */ = {isa = PBXBuildFile; fileRef = 8475E7181F88B5D200F34CFC /* MacFinder.m */; };
		8475E7311F88B5D200F34CFC /* LANProperties.m in Sources */ = {isa = PBXBuildFile; fileRef = 8475E7221F88B5D200F34CFC /* LANProperties.m */; };
		8475E7321F88B5D200F34CFC /* MACOperation.m in Sources */ = {isa = PBXBuildFile; fileRef = 8475E7241F88B5D200F34CFC /* MACOperation.m */; };
		8475E7331F88B5D200F34CFC /* MMLANScanner.m in Sources */ = {isa = PBXBuildFile; fileRef = 8475E7261F88B5D200F34CFC /* MMLANScanner.m */; };
		8475E7341F88B5D200F34CFC /* NetworkCalculator.m in Sources */ = {isa = PBXBuildFile; fileRef = 8475E7281F88B5D200F34CFC /* NetworkCalculator.m */; };
		8475E7351F88B5D200F34CFC /* PingOperation.m in Sources */ = {isa = PBXBuildFile; fileRef = 8475E72A1F88B5D200F34CFC /* PingOperation.m */; };
		8475E7361F88B5D200F34CFC /* MMDevice.m in Sources */ = {isa = PBXBuildFile; fileRef = 8475E72D1F88B5D200F34CFC /* MMDevice.m */; };
		8475E73A1F88B7BB00F34CFC /* WifiScanResultVC.swift in Sources */ = {isa = PBXBuildFile; fileRef = 8475E7391F88B7BA00F34CFC /* WifiScanResultVC.swift */; };
		8475E73C1F88B7CC00F34CFC /* WifiScanResultTableViewCell.swift in Sources */ = {isa = PBXBuildFile; fileRef = 8475E73B1F88B7CC00F34CFC /* WifiScanResultTableViewCell.swift */; };
		8475E73E1F88B8B400F34CFC /* NetworkScanner.swift in Sources */ = {isa = PBXBuildFile; fileRef = 8475E73D1F88B8B300F34CFC /* NetworkScanner.swift */; };
		8498CDB41F9186EF00118C98 /* DetailImageVC.swift in Sources */ = {isa = PBXBuildFile; fileRef = 8498CDB31F9186EF00118C98 /* DetailImageVC.swift */; };
		84E39D791F8C3CD9004B77F3 /* ViewControllerHelper.swift in Sources */ = {isa = PBXBuildFile; fileRef = 84E39D781F8C3CD9004B77F3 /* ViewControllerHelper.swift */; };
		FF0E307F1F8214FF006CCBA9 /* Assets.xcassets in Resources */ = {isa = PBXBuildFile; fileRef = FF0E307E1F8214FF006CCBA9 /* Assets.xcassets */; };
		FF0E30821F8214FF006CCBA9 /* LaunchScreen.storyboard in Resources */ = {isa = PBXBuildFile; fileRef = FF0E30801F8214FF006CCBA9 /* LaunchScreen.storyboard */; };
		FF0E308D1F8214FF006CCBA9 /* CleanerTests.swift in Sources */ = {isa = PBXBuildFile; fileRef = FF0E308C1F8214FF006CCBA9 /* CleanerTests.swift */; };
		FF0E30981F8214FF006CCBA9 /* CleanerUITests.swift in Sources */ = {isa = PBXBuildFile; fileRef = FF0E30971F8214FF006CCBA9 /* CleanerUITests.swift */; };
		FFD68E411F8CCEED00B1AC9A /* UrlExtension.swift in Sources */ = {isa = PBXBuildFile; fileRef = FFD68E401F8CCEED00B1AC9A /* UrlExtension.swift */; };
		FFD8EE571FA9A002007C9C3C /* ActivityIndicator.xib in Resources */ = {isa = PBXBuildFile; fileRef = FFD8EE561FA9A002007C9C3C /* ActivityIndicator.xib */; };
		FFD983631FA831CF0055DF03 /* PhotoServices.swift in Sources */ = {isa = PBXBuildFile; fileRef = FFD983621FA831CF0055DF03 /* PhotoServices.swift */; };
		FFDB57E11F97506B008EDE77 /* Info.plist in Resources */ = {isa = PBXBuildFile; fileRef = FF0E30831F8214FF006CCBA9 /* Info.plist */; };
		FFE7246E1FA8BAE700E4D021 /* CleanerAsset.swift in Sources */ = {isa = PBXBuildFile; fileRef = FFE7246D1FA8BAE700E4D021 /* CleanerAsset.swift */; };
		FFE724701FA8D7F400E4D021 /* TableViewCell.swift in Sources */ = {isa = PBXBuildFile; fileRef = FFE7246F1FA8D7F300E4D021 /* TableViewCell.swift */; };
/* End PBXBuildFile section */

/* Begin PBXContainerItemProxy section */
		FF0E30891F8214FF006CCBA9 /* PBXContainerItemProxy */ = {
			isa = PBXContainerItemProxy;
			containerPortal = FF0E306C1F8214FF006CCBA9 /* Project object */;
			proxyType = 1;
			remoteGlobalIDString = FF0E30731F8214FF006CCBA9;
			remoteInfo = Cleaner;
		};
		FF0E30941F8214FF006CCBA9 /* PBXContainerItemProxy */ = {
			isa = PBXContainerItemProxy;
			containerPortal = FF0E306C1F8214FF006CCBA9 /* Project object */;
			proxyType = 1;
			remoteGlobalIDString = FF0E30731F8214FF006CCBA9;
			remoteInfo = Cleaner;
		};
/* End PBXContainerItemProxy section */

/* Begin PBXCopyFilesBuildPhase section */
		3F22417B1F91D8060075911F /* Embed Frameworks */ = {
			isa = PBXCopyFilesBuildPhase;
			buildActionMask = 2147483647;
			dstPath = "";
			dstSubfolderSpec = 10;
			files = (
			);
			name = "Embed Frameworks";
			runOnlyForDeploymentPostprocessing = 0;
		};
/* End PBXCopyFilesBuildPhase section */

/* Begin PBXFileReference section */
		18F8DB2E1FA6CA06003148FB /* ContactVC.swift */ = {isa = PBXFileReference; lastKnownFileType = sourcecode.swift; path = ContactVC.swift; sourceTree = "<group>"; };
		3B220D1E1F8483BC00782306 /* Base */ = {isa = PBXFileReference; lastKnownFileType = file.storyboard; name = Base; path = Base.lproj/Wifi.storyboard; sourceTree = "<group>"; };
		3B2A43781F87781C0053A89B /* Base */ = {isa = PBXFileReference; lastKnownFileType = file.storyboard; name = Base; path = Base.lproj/BoostMemory.storyboard; sourceTree = "<group>"; };
		3B2A437A1F87781C0053A89B /* Base */ = {isa = PBXFileReference; lastKnownFileType = file.storyboard; name = Base; path = Base.lproj/NetworkSpeed.storyboard; sourceTree = "<group>"; };
		3B2A437C1F87781C0053A89B /* Base */ = {isa = PBXFileReference; lastKnownFileType = file.storyboard; name = Base; path = Base.lproj/SortFileTableVC.storyboard; sourceTree = "<group>"; };
		3B2A43801F8779080053A89B /* DashboardVC.swift */ = {isa = PBXFileReference; lastKnownFileType = sourcecode.swift; name = DashboardVC.swift; path = Cleaner/ViewControllers/DashboardVC.swift; sourceTree = SOURCE_ROOT; };
		3B2A43821F8779080053A89B /* JunkCleanVC.swift */ = {isa = PBXFileReference; lastKnownFileType = sourcecode.swift; name = JunkCleanVC.swift; path = Cleaner/ViewControllers/JunkCleanVC.swift; sourceTree = SOURCE_ROOT; };
		3B2A43831F8779080053A89B /* NetworkSpeedVC.swift */ = {isa = PBXFileReference; lastKnownFileType = sourcecode.swift; name = NetworkSpeedVC.swift; path = Cleaner/ViewControllers/NetworkSpeedVC.swift; sourceTree = SOURCE_ROOT; };
		3B2A43841F8779080053A89B /* WifiVC.swift */ = {isa = PBXFileReference; lastKnownFileType = sourcecode.swift; name = WifiVC.swift; path = Cleaner/ViewControllers/WifiScan/WifiVC.swift; sourceTree = SOURCE_ROOT; };
		3B2A43851F8779080053A89B /* BoostVC.swift */ = {isa = PBXFileReference; lastKnownFileType = sourcecode.swift; name = BoostVC.swift; path = Cleaner/ViewControllers/BoostVC.swift; sourceTree = SOURCE_ROOT; };
		3B2A43871F87790F0053A89B /* SortFileTableVC.swift */ = {isa = PBXFileReference; lastKnownFileType = sourcecode.swift; name = SortFileTableVC.swift; path = Cleaner/ViewControllers/SortFile/SortFileTableVC.swift; sourceTree = SOURCE_ROOT; };
		3B2A43881F8779870053A89B /* CustomView.swift */ = {isa = PBXFileReference; lastKnownFileType = sourcecode.swift; name = CustomView.swift; path = Cleaner/CustomViews/CustomView.swift; sourceTree = SOURCE_ROOT; };
		3B2A43891F8779870053A89B /* PieChartView.swift */ = {isa = PBXFileReference; lastKnownFileType = sourcecode.swift; name = PieChartView.swift; path = Cleaner/CustomViews/PieChartView.swift; sourceTree = SOURCE_ROOT; };
		3B2A438A1F8779870053A89B /* View.swift */ = {isa = PBXFileReference; lastKnownFileType = sourcecode.swift; name = View.swift; path = Cleaner/CustomViews/View.swift; sourceTree = SOURCE_ROOT; };
		3B2A438B1F8779870053A89B /* GradientColorView.swift */ = {isa = PBXFileReference; lastKnownFileType = sourcecode.swift; name = GradientColorView.swift; path = Cleaner/CustomViews/GradientColorView.swift; sourceTree = SOURCE_ROOT; };
		3B2A43901F8779E60053A89B /* Base */ = {isa = PBXFileReference; lastKnownFileType = file.storyboard; name = Base; path = Base.lproj/JunkClean.storyboard; sourceTree = "<group>"; };
		3B64C5E71FA18E77000F85F5 /* VideoViewController.swift */ = {isa = PBXFileReference; lastKnownFileType = sourcecode.swift; path = VideoViewController.swift; sourceTree = "<group>"; };
		3B6BDEAC1F9D8D330020A5CD /* Ping.h */ = {isa = PBXFileReference; lastKnownFileType = sourcecode.c.h; path = Ping.h; sourceTree = "<group>"; };
		3B6BDEAD1F9D8D330020A5CD /* Ping.m */ = {isa = PBXFileReference; lastKnownFileType = sourcecode.c.objc; path = Ping.m; sourceTree = "<group>"; };
		3BA937621F973BFF002AA152 /* GoogleMobileAds.framework */ = {isa = PBXFileReference; lastKnownFileType = wrapper.framework; name = GoogleMobileAds.framework; path = Cleaner/GoogleMobileAds.framework; sourceTree = "<group>"; };
		3BA937641F973DA7002AA152 /* GoogleAdsMob.swift */ = {isa = PBXFileReference; lastKnownFileType = sourcecode.swift; path = GoogleAdsMob.swift; sourceTree = "<group>"; };
		3BB71E2F1F9857B000263DF5 /* SystemServices.swift */ = {isa = PBXFileReference; lastKnownFileType = sourcecode.swift; path = SystemServices.swift; sourceTree = "<group>"; };
		3F20C9E41F95E8DD00DD46BD /* CPU.swift */ = {isa = PBXFileReference; lastKnownFileType = sourcecode.swift; path = CPU.swift; sourceTree = "<group>"; };
		3F20C9E51F95E8DD00DD46BD /* FPS.swift */ = {isa = PBXFileReference; lastKnownFileType = sourcecode.swift; path = FPS.swift; sourceTree = "<group>"; };
		3F20C9E61F95E8DD00DD46BD /* Hardware.swift */ = {isa = PBXFileReference; lastKnownFileType = sourcecode.swift; path = Hardware.swift; sourceTree = "<group>"; };
		3F20C9E71F95E8DD00DD46BD /* Memory.swift */ = {isa = PBXFileReference; lastKnownFileType = sourcecode.swift; path = Memory.swift; sourceTree = "<group>"; };
		3F20C9E81F95E8DD00DD46BD /* Network.swift */ = {isa = PBXFileReference; lastKnownFileType = sourcecode.swift; path = Network.swift; sourceTree = "<group>"; };
		3F20C9E91F95E8DD00DD46BD /* NetworkFlow.swift */ = {isa = PBXFileReference; lastKnownFileType = sourcecode.swift; path = NetworkFlow.swift; sourceTree = "<group>"; };
		3F20C9EB1F95E8DD00DD46BD /* NetObjc.h */ = {isa = PBXFileReference; lastKnownFileType = sourcecode.c.h; path = NetObjc.h; sourceTree = "<group>"; };
		3F20C9EC1F95E8DD00DD46BD /* NetObjc.m */ = {isa = PBXFileReference; lastKnownFileType = sourcecode.c.objc; path = NetObjc.m; sourceTree = "<group>"; };
		3F20C9ED1F95E8DD00DD46BD /* System.swift */ = {isa = PBXFileReference; lastKnownFileType = sourcecode.swift; path = System.swift; sourceTree = "<group>"; };
		3F223BF91F91A13C0075911F /* NetworkServices.swift */ = {isa = PBXFileReference; lastKnownFileType = sourcecode.swift; path = NetworkServices.swift; sourceTree = "<group>"; };
		3F223BFD1F91A7810075911F /* ConvertMpbs.swift */ = {isa = PBXFileReference; lastKnownFileType = sourcecode.swift; name = ConvertMpbs.swift; path = Cleaner/CustomViews/ConvertMpbs.swift; sourceTree = SOURCE_ROOT; };
		3F30D7231F8885D900C28CA2 /* Main.storyboard */ = {isa = PBXFileReference; lastKnownFileType = file.storyboard; path = Main.storyboard; sourceTree = "<group>"; };
		3F30D7251F88866C00C28CA2 /* MenuTableVC.swift */ = {isa = PBXFileReference; lastKnownFileType = sourcecode.swift; path = MenuTableVC.swift; sourceTree = "<group>"; };
		3F30D7261F88866C00C28CA2 /* ContainerVC.swift */ = {isa = PBXFileReference; lastKnownFileType = sourcecode.swift; path = ContainerVC.swift; sourceTree = "<group>"; };
		3F30D72A1F88880700C28CA2 /* Constants.swift */ = {isa = PBXFileReference; lastKnownFileType = sourcecode.swift; path = Constants.swift; sourceTree = "<group>"; };
		3F661ECA1F9424E700E030E4 /* DeviceServices.swift */ = {isa = PBXFileReference; lastKnownFileType = sourcecode.swift; path = DeviceServices.swift; sourceTree = "<group>"; };
		3F673E9C1F82556700E0DA07 /* Base */ = {isa = PBXFileReference; lastKnownFileType = file.storyboard; name = Base; path = Base.lproj/Dashboard.storyboard; sourceTree = "<group>"; };
		3F673EDB1F8258AB00E0DA07 /* AppDelegate.swift */ = {isa = PBXFileReference; lastKnownFileType = sourcecode.swift; path = AppDelegate.swift; sourceTree = "<group>"; };
		3F7852E51F939BA70044F1A0 /* SimplePing.h */ = {isa = PBXFileReference; lastKnownFileType = sourcecode.c.h; path = SimplePing.h; sourceTree = "<group>"; };
		3F7852E61F939BB60044F1A0 /* SimplePing.m */ = {isa = PBXFileReference; lastKnownFileType = sourcecode.c.objc; path = SimplePing.m; sourceTree = "<group>"; };
		3FD96D361FA98A4D00AF332E /* GaugeLayer.swift */ = {isa = PBXFileReference; lastKnownFileType = sourcecode.swift; path = GaugeLayer.swift; sourceTree = "<group>"; };
		3FD96D381FA98A5300AF332E /* GaugeView.swift */ = {isa = PBXFileReference; lastKnownFileType = sourcecode.swift; path = GaugeView.swift; sourceTree = "<group>"; };
		3FF0FAB71FA0109500030750 /* SweepView.swift */ = {isa = PBXFileReference; lastKnownFileType = sourcecode.swift; path = SweepView.swift; sourceTree = "<group>"; };
		3FF0FAB91FA0109D00030750 /* CountingLabel.swift */ = {isa = PBXFileReference; lastKnownFileType = sourcecode.swift; path = CountingLabel.swift; sourceTree = "<group>"; };
		8425DC3E1F9EB54300AE29C7 /* PHAssetExtension.swift */ = {isa = PBXFileReference; lastKnownFileType = sourcecode.swift; path = PHAssetExtension.swift; sourceTree = "<group>"; };
		8475E7141F88B5D200F34CFC /* data.plist */ = {isa = PBXFileReference; fileEncoding = 4; lastKnownFileType = text.plist.xml; path = data.plist; sourceTree = "<group>"; };
		8475E7171F88B5D200F34CFC /* MacFinder.h */ = {isa = PBXFileReference; fileEncoding = 4; lastKnownFileType = sourcecode.c.h; path = MacFinder.h; sourceTree = "<group>"; };
		8475E7181F88B5D200F34CFC /* MacFinder.m */ = {isa = PBXFileReference; fileEncoding = 4; lastKnownFileType = sourcecode.c.objc; path = MacFinder.m; sourceTree = "<group>"; };
		8475E71A1F88B5D200F34CFC /* if_arp.h */ = {isa = PBXFileReference; fileEncoding = 4; lastKnownFileType = sourcecode.c.h; path = if_arp.h; sourceTree = "<group>"; };
		8475E71B1F88B5D200F34CFC /* if_ether.h */ = {isa = PBXFileReference; fileEncoding = 4; lastKnownFileType = sourcecode.c.h; path = if_ether.h; sourceTree = "<group>"; };
		8475E71C1F88B5D200F34CFC /* route.h */ = {isa = PBXFileReference; fileEncoding = 4; lastKnownFileType = sourcecode.c.h; path = route.h; sourceTree = "<group>"; };
		8475E7211F88B5D200F34CFC /* LANProperties.h */ = {isa = PBXFileReference; fileEncoding = 4; lastKnownFileType = sourcecode.c.h; path = LANProperties.h; sourceTree = "<group>"; };
		8475E7221F88B5D200F34CFC /* LANProperties.m */ = {isa = PBXFileReference; fileEncoding = 4; lastKnownFileType = sourcecode.c.objc; path = LANProperties.m; sourceTree = "<group>"; };
		8475E7231F88B5D200F34CFC /* MACOperation.h */ = {isa = PBXFileReference; fileEncoding = 4; lastKnownFileType = sourcecode.c.h; path = MACOperation.h; sourceTree = "<group>"; };
		8475E7241F88B5D200F34CFC /* MACOperation.m */ = {isa = PBXFileReference; fileEncoding = 4; lastKnownFileType = sourcecode.c.objc; path = MACOperation.m; sourceTree = "<group>"; };
		8475E7251F88B5D200F34CFC /* MMLANScanner.h */ = {isa = PBXFileReference; fileEncoding = 4; lastKnownFileType = sourcecode.c.h; path = MMLANScanner.h; sourceTree = "<group>"; };
		8475E7261F88B5D200F34CFC /* MMLANScanner.m */ = {isa = PBXFileReference; fileEncoding = 4; lastKnownFileType = sourcecode.c.objc; path = MMLANScanner.m; sourceTree = "<group>"; };
		8475E7271F88B5D200F34CFC /* NetworkCalculator.h */ = {isa = PBXFileReference; fileEncoding = 4; lastKnownFileType = sourcecode.c.h; path = NetworkCalculator.h; sourceTree = "<group>"; };
		8475E7281F88B5D200F34CFC /* NetworkCalculator.m */ = {isa = PBXFileReference; fileEncoding = 4; lastKnownFileType = sourcecode.c.objc; path = NetworkCalculator.m; sourceTree = "<group>"; };
		8475E7291F88B5D200F34CFC /* PingOperation.h */ = {isa = PBXFileReference; fileEncoding = 4; lastKnownFileType = sourcecode.c.h; path = PingOperation.h; sourceTree = "<group>"; };
		8475E72A1F88B5D200F34CFC /* PingOperation.m */ = {isa = PBXFileReference; fileEncoding = 4; lastKnownFileType = sourcecode.c.objc; path = PingOperation.m; sourceTree = "<group>"; };
		8475E72C1F88B5D200F34CFC /* MMDevice.h */ = {isa = PBXFileReference; fileEncoding = 4; lastKnownFileType = sourcecode.c.h; path = MMDevice.h; sourceTree = "<group>"; };
		8475E72D1F88B5D200F34CFC /* MMDevice.m */ = {isa = PBXFileReference; fileEncoding = 4; lastKnownFileType = sourcecode.c.objc; path = MMDevice.m; sourceTree = "<group>"; };
		8475E7371F88B65600F34CFC /* BridingHeader.h */ = {isa = PBXFileReference; lastKnownFileType = sourcecode.c.h; path = BridingHeader.h; sourceTree = "<group>"; };
		8475E7391F88B7BA00F34CFC /* WifiScanResultVC.swift */ = {isa = PBXFileReference; lastKnownFileType = sourcecode.swift; path = WifiScanResultVC.swift; sourceTree = "<group>"; };
		8475E73B1F88B7CC00F34CFC /* WifiScanResultTableViewCell.swift */ = {isa = PBXFileReference; lastKnownFileType = sourcecode.swift; path = WifiScanResultTableViewCell.swift; sourceTree = "<group>"; };
		8475E73D1F88B8B300F34CFC /* NetworkScanner.swift */ = {isa = PBXFileReference; lastKnownFileType = sourcecode.swift; path = NetworkScanner.swift; sourceTree = "<group>"; };
		8498CDB31F9186EF00118C98 /* DetailImageVC.swift */ = {isa = PBXFileReference; lastKnownFileType = sourcecode.swift; path = DetailImageVC.swift; sourceTree = "<group>"; };
		84E39D781F8C3CD9004B77F3 /* ViewControllerHelper.swift */ = {isa = PBXFileReference; lastKnownFileType = sourcecode.swift; path = ViewControllerHelper.swift; sourceTree = "<group>"; };
		FF0E30741F8214FF006CCBA9 /* Cleaner.app */ = {isa = PBXFileReference; explicitFileType = wrapper.application; includeInIndex = 0; path = Cleaner.app; sourceTree = BUILT_PRODUCTS_DIR; };
		FF0E307E1F8214FF006CCBA9 /* Assets.xcassets */ = {isa = PBXFileReference; lastKnownFileType = folder.assetcatalog; path = Assets.xcassets; sourceTree = "<group>"; };
		FF0E30811F8214FF006CCBA9 /* Base */ = {isa = PBXFileReference; lastKnownFileType = file.storyboard; name = Base; path = Base.lproj/LaunchScreen.storyboard; sourceTree = "<group>"; };
		FF0E30831F8214FF006CCBA9 /* Info.plist */ = {isa = PBXFileReference; lastKnownFileType = text.plist.xml; path = Info.plist; sourceTree = "<group>"; };
		FF0E30881F8214FF006CCBA9 /* CleanerTests.xctest */ = {isa = PBXFileReference; explicitFileType = wrapper.cfbundle; includeInIndex = 0; path = CleanerTests.xctest; sourceTree = BUILT_PRODUCTS_DIR; };
		FF0E308C1F8214FF006CCBA9 /* CleanerTests.swift */ = {isa = PBXFileReference; lastKnownFileType = sourcecode.swift; path = CleanerTests.swift; sourceTree = "<group>"; };
		FF0E308E1F8214FF006CCBA9 /* Info.plist */ = {isa = PBXFileReference; lastKnownFileType = text.plist.xml; path = Info.plist; sourceTree = "<group>"; };
		FF0E30931F8214FF006CCBA9 /* CleanerUITests.xctest */ = {isa = PBXFileReference; explicitFileType = wrapper.cfbundle; includeInIndex = 0; path = CleanerUITests.xctest; sourceTree = BUILT_PRODUCTS_DIR; };
		FF0E30971F8214FF006CCBA9 /* CleanerUITests.swift */ = {isa = PBXFileReference; lastKnownFileType = sourcecode.swift; path = CleanerUITests.swift; sourceTree = "<group>"; };
		FF0E30991F8214FF006CCBA9 /* Info.plist */ = {isa = PBXFileReference; lastKnownFileType = text.plist.xml; path = Info.plist; sourceTree = "<group>"; };
		FFD68E401F8CCEED00B1AC9A /* UrlExtension.swift */ = {isa = PBXFileReference; lastKnownFileType = sourcecode.swift; path = UrlExtension.swift; sourceTree = "<group>"; };
		FFD8EE561FA9A002007C9C3C /* ActivityIndicator.xib */ = {isa = PBXFileReference; lastKnownFileType = file.xib; path = ActivityIndicator.xib; sourceTree = "<group>"; };
		FFD983621FA831CF0055DF03 /* PhotoServices.swift */ = {isa = PBXFileReference; lastKnownFileType = sourcecode.swift; path = PhotoServices.swift; sourceTree = "<group>"; };
		FFE7246D1FA8BAE700E4D021 /* CleanerAsset.swift */ = {isa = PBXFileReference; lastKnownFileType = sourcecode.swift; path = CleanerAsset.swift; sourceTree = "<group>"; };
		FFE7246F1FA8D7F300E4D021 /* TableViewCell.swift */ = {isa = PBXFileReference; fileEncoding = 4; lastKnownFileType = sourcecode.swift; path = TableViewCell.swift; sourceTree = "<group>"; };
/* End PBXFileReference section */

/* Begin PBXFrameworksBuildPhase section */
		FF0E30711F8214FF006CCBA9 /* Frameworks */ = {
			isa = PBXFrameworksBuildPhase;
			buildActionMask = 2147483647;
			files = (
				3BA937631F973BFF002AA152 /* GoogleMobileAds.framework in Frameworks */,
			);
			runOnlyForDeploymentPostprocessing = 0;
		};
		FF0E30851F8214FF006CCBA9 /* Frameworks */ = {
			isa = PBXFrameworksBuildPhase;
			buildActionMask = 2147483647;
			files = (
			);
			runOnlyForDeploymentPostprocessing = 0;
		};
		FF0E30901F8214FF006CCBA9 /* Frameworks */ = {
			isa = PBXFrameworksBuildPhase;
			buildActionMask = 2147483647;
			files = (
			);
			runOnlyForDeploymentPostprocessing = 0;
		};
/* End PBXFrameworksBuildPhase section */

/* Begin PBXGroup section */
		3B508FC01F8264BE00A15E62 /* ViewControllers */ = {
			isa = PBXGroup;
			children = (
				3FC440061FA699FA0044C60B /* JunkClean */,
				3B2A43851F8779080053A89B /* BoostVC.swift */,
				3B2A43801F8779080053A89B /* DashboardVC.swift */,
				3B2A43831F8779080053A89B /* NetworkSpeedVC.swift */,
				3F30D7261F88866C00C28CA2 /* ContainerVC.swift */,
				3F30D7251F88866C00C28CA2 /* MenuTableVC.swift */,
				18F8DB2E1FA6CA06003148FB /* ContactVC.swift */,
				8475E7381F88B79B00F34CFC /* WifiScan */,
				3B508FC31F82652B00A15E62 /* SortFile */,
			);
			path = ViewControllers;
			sourceTree = "<group>";
		};
		3B508FC11F8264EF00A15E62 /* CustomViews */ = {
			isa = PBXGroup;
			children = (
				3FD96D381FA98A5300AF332E /* GaugeView.swift */,
				3FD96D361FA98A4D00AF332E /* GaugeLayer.swift */,
				3FF0FAB91FA0109D00030750 /* CountingLabel.swift */,
				3F223BFD1F91A7810075911F /* ConvertMpbs.swift */,
				3B2A43881F8779870053A89B /* CustomView.swift */,
				3B2A438B1F8779870053A89B /* GradientColorView.swift */,
				3B2A43891F8779870053A89B /* PieChartView.swift */,
				3B2A438A1F8779870053A89B /* View.swift */,
			);
			path = CustomViews;
			sourceTree = "<group>";
		};
		3B508FC21F82650C00A15E62 /* Storyboard */ = {
			isa = PBXGroup;
			children = (
				3F30D7231F8885D900C28CA2 /* Main.storyboard */,
				3B2A43771F87781C0053A89B /* BoostMemory.storyboard */,
				3B2A43791F87781C0053A89B /* NetworkSpeed.storyboard */,
				3B2A437B1F87781C0053A89B /* SortFileTableVC.storyboard */,
				3B220D1D1F8483BC00782306 /* Wifi.storyboard */,
				3F673E9B1F82556700E0DA07 /* Dashboard.storyboard */,
				FF0E30801F8214FF006CCBA9 /* LaunchScreen.storyboard */,
				3B2A438F1F8779E60053A89B /* JunkClean.storyboard */,
			);
			name = Storyboard;
			sourceTree = "<group>";
		};
		3B508FC31F82652B00A15E62 /* SortFile */ = {
			isa = PBXGroup;
			children = (
				8498CDB31F9186EF00118C98 /* DetailImageVC.swift */,
				3B64C5E71FA18E77000F85F5 /* VideoViewController.swift */,
				3B2A43871F87790F0053A89B /* SortFileTableVC.swift */,
				FFE7246F1FA8D7F300E4D021 /* TableViewCell.swift */,
			);
			name = SortFile;
			path = ../ViewControllers/SortFile;
			sourceTree = "<group>";
		};
		3B508FC41F82654A00A15E62 /* Services */ = {
			isa = PBXGroup;
			children = (
				3F661ECA1F9424E700E030E4 /* DeviceServices.swift */,
				FFD983621FA831CF0055DF03 /* PhotoServices.swift */,
				3BB71E2F1F9857B000263DF5 /* SystemServices.swift */,
				3F223BF91F91A13C0075911F /* NetworkServices.swift */,
			);
			path = Services;
			sourceTree = "<group>";
		};
		3B6BDEAB1F9D8CD80020A5CD /* Ping */ = {
			isa = PBXGroup;
			children = (
				3B6BDEAC1F9D8D330020A5CD /* Ping.h */,
				3B6BDEAD1F9D8D330020A5CD /* Ping.m */,
			);
			path = Ping;
			sourceTree = "<group>";
		};
		3BA937611F973BFE002AA152 /* Frameworks */ = {
			isa = PBXGroup;
			children = (
				3BA937621F973BFF002AA152 /* GoogleMobileAds.framework */,
			);
			name = Frameworks;
			sourceTree = "<group>";
		};
		3BA937661F973DE1002AA152 /* GoogleAdsMod */ = {
			isa = PBXGroup;
			children = (
				3BA937641F973DA7002AA152 /* GoogleAdsMob.swift */,
			);
			path = GoogleAdsMod;
			sourceTree = "<group>";
		};
		3F20C9E21F95E8DD00DD46BD /* SystemEye */ = {
			isa = PBXGroup;
			children = (
				3F20C9E31F95E8DD00DD46BD /* Classes */,
			);
			path = SystemEye;
			sourceTree = "<group>";
		};
		3F20C9E31F95E8DD00DD46BD /* Classes */ = {
			isa = PBXGroup;
			children = (
				3F20C9E41F95E8DD00DD46BD /* CPU.swift */,
				3F20C9E51F95E8DD00DD46BD /* FPS.swift */,
				3F20C9E61F95E8DD00DD46BD /* Hardware.swift */,
				3F20C9E71F95E8DD00DD46BD /* Memory.swift */,
				3F20C9E81F95E8DD00DD46BD /* Network.swift */,
				3F20C9E91F95E8DD00DD46BD /* NetworkFlow.swift */,
				3F20C9EA1F95E8DD00DD46BD /* OCBridge */,
				3F20C9ED1F95E8DD00DD46BD /* System.swift */,
			);
			path = Classes;
			sourceTree = "<group>";
		};
		3F20C9EA1F95E8DD00DD46BD /* OCBridge */ = {
			isa = PBXGroup;
			children = (
				3F20C9EB1F95E8DD00DD46BD /* NetObjc.h */,
				3F20C9EC1F95E8DD00DD46BD /* NetObjc.m */,
			);
			path = OCBridge;
			sourceTree = "<group>";
		};
		3F30D7291F8887E100C28CA2 /* SupportFiles */ = {
			isa = PBXGroup;
			children = (
				FFD68E401F8CCEED00B1AC9A /* UrlExtension.swift */,
				8425DC3E1F9EB54300AE29C7 /* PHAssetExtension.swift */,
				3F30D72A1F88880700C28CA2 /* Constants.swift */,
				84E39D781F8C3CD9004B77F3 /* ViewControllerHelper.swift */,
				FFD8EE561FA9A002007C9C3C /* ActivityIndicator.xib */,
			);
			name = SupportFiles;
			sourceTree = "<group>";
		};
		3FC440061FA699FA0044C60B /* JunkClean */ = {
			isa = PBXGroup;
			children = (
				3B2A43821F8779080053A89B /* JunkCleanVC.swift */,
				3FF0FAB71FA0109500030750 /* SweepView.swift */,
			);
			name = JunkClean;
			sourceTree = "<group>";
		};
		8475E7111F88B5D200F34CFC /* FrameWorks */ = {
			isa = PBXGroup;
			children = (
				3B6BDEAB1F9D8CD80020A5CD /* Ping */,
				3F20C9E21F95E8DD00DD46BD /* SystemEye */,
				8475E7121F88B5D200F34CFC /* MMLanScan */,
			);
			path = FrameWorks;
			sourceTree = "<group>";
		};
		8475E7121F88B5D200F34CFC /* MMLanScan */ = {
			isa = PBXGroup;
			children = (
				8475E7131F88B5D200F34CFC /* Data */,
				8475E7151F88B5D200F34CFC /* External Libs */,
				8475E7201F88B5D200F34CFC /* Misc */,
				8475E72B1F88B5D200F34CFC /* Objects */,
			);
			path = MMLanScan;
			sourceTree = "<group>";
		};
		8475E7131F88B5D200F34CFC /* Data */ = {
			isa = PBXGroup;
			children = (
				8475E7141F88B5D200F34CFC /* data.plist */,
			);
			path = Data;
			sourceTree = "<group>";
		};
		8475E7151F88B5D200F34CFC /* External Libs */ = {
			isa = PBXGroup;
			children = (
				8475E7161F88B5D200F34CFC /* MacFinder */,
				8475E71D1F88B5D200F34CFC /* SimplePing */,
			);
			path = "External Libs";
			sourceTree = "<group>";
		};
		8475E7161F88B5D200F34CFC /* MacFinder */ = {
			isa = PBXGroup;
			children = (
				8475E7171F88B5D200F34CFC /* MacFinder.h */,
				8475E7181F88B5D200F34CFC /* MacFinder.m */,
				8475E7191F88B5D200F34CFC /* Network Headers */,
			);
			path = MacFinder;
			sourceTree = "<group>";
		};
		8475E7191F88B5D200F34CFC /* Network Headers */ = {
			isa = PBXGroup;
			children = (
				8475E71A1F88B5D200F34CFC /* if_arp.h */,
				8475E71B1F88B5D200F34CFC /* if_ether.h */,
				8475E71C1F88B5D200F34CFC /* route.h */,
			);
			path = "Network Headers";
			sourceTree = "<group>";
		};
		8475E71D1F88B5D200F34CFC /* SimplePing */ = {
			isa = PBXGroup;
			children = (
				3F7852E51F939BA70044F1A0 /* SimplePing.h */,
				3F7852E61F939BB60044F1A0 /* SimplePing.m */,
			);
			path = SimplePing;
			sourceTree = "<group>";
		};
		8475E7201F88B5D200F34CFC /* Misc */ = {
			isa = PBXGroup;
			children = (
				8475E7211F88B5D200F34CFC /* LANProperties.h */,
				8475E7221F88B5D200F34CFC /* LANProperties.m */,
				8475E7231F88B5D200F34CFC /* MACOperation.h */,
				8475E7241F88B5D200F34CFC /* MACOperation.m */,
				8475E7251F88B5D200F34CFC /* MMLANScanner.h */,
				8475E7261F88B5D200F34CFC /* MMLANScanner.m */,
				8475E7271F88B5D200F34CFC /* NetworkCalculator.h */,
				8475E7281F88B5D200F34CFC /* NetworkCalculator.m */,
				8475E7291F88B5D200F34CFC /* PingOperation.h */,
				8475E72A1F88B5D200F34CFC /* PingOperation.m */,
			);
			path = Misc;
			sourceTree = "<group>";
		};
		8475E72B1F88B5D200F34CFC /* Objects */ = {
			isa = PBXGroup;
			children = (
				8475E72C1F88B5D200F34CFC /* MMDevice.h */,
				8475E72D1F88B5D200F34CFC /* MMDevice.m */,
			);
			path = Objects;
			sourceTree = "<group>";
		};
		8475E7381F88B79B00F34CFC /* WifiScan */ = {
			isa = PBXGroup;
			children = (
				3B2A43841F8779080053A89B /* WifiVC.swift */,
				8475E7391F88B7BA00F34CFC /* WifiScanResultVC.swift */,
				8475E73D1F88B8B300F34CFC /* NetworkScanner.swift */,
				8475E73B1F88B7CC00F34CFC /* WifiScanResultTableViewCell.swift */,
			);
			path = WifiScan;
			sourceTree = "<group>";
		};
		FF0E306B1F8214FF006CCBA9 = {
			isa = PBXGroup;
			children = (
				FF0E30761F8214FF006CCBA9 /* Cleaner */,
				FF0E308B1F8214FF006CCBA9 /* CleanerTests */,
				FF0E30961F8214FF006CCBA9 /* CleanerUITests */,
				FF0E30751F8214FF006CCBA9 /* Products */,
				3BA937611F973BFE002AA152 /* Frameworks */,
			);
			sourceTree = "<group>";
		};
		FF0E30751F8214FF006CCBA9 /* Products */ = {
			isa = PBXGroup;
			children = (
				FF0E30741F8214FF006CCBA9 /* Cleaner.app */,
				FF0E30881F8214FF006CCBA9 /* CleanerTests.xctest */,
				FF0E30931F8214FF006CCBA9 /* CleanerUITests.xctest */,
			);
			name = Products;
			sourceTree = "<group>";
		};
		FF0E30761F8214FF006CCBA9 /* Cleaner */ = {
			isa = PBXGroup;
			children = (
				3F673EDB1F8258AB00E0DA07 /* AppDelegate.swift */,
				FFE7246D1FA8BAE700E4D021 /* CleanerAsset.swift */,
				8475E7111F88B5D200F34CFC /* FrameWorks */,
				3B508FC41F82654A00A15E62 /* Services */,
				3B508FC21F82650C00A15E62 /* Storyboard */,
				FF0E30831F8214FF006CCBA9 /* Info.plist */,
				FF0E307E1F8214FF006CCBA9 /* Assets.xcassets */,
				3B508FC01F8264BE00A15E62 /* ViewControllers */,
				3B508FC11F8264EF00A15E62 /* CustomViews */,
				3BA937661F973DE1002AA152 /* GoogleAdsMod */,
				3F30D7291F8887E100C28CA2 /* SupportFiles */,
				8475E7371F88B65600F34CFC /* BridingHeader.h */,
			);
			path = Cleaner;
			sourceTree = "<group>";
		};
		FF0E308B1F8214FF006CCBA9 /* CleanerTests */ = {
			isa = PBXGroup;
			children = (
				FF0E308C1F8214FF006CCBA9 /* CleanerTests.swift */,
				FF0E308E1F8214FF006CCBA9 /* Info.plist */,
			);
			path = CleanerTests;
			sourceTree = "<group>";
		};
		FF0E30961F8214FF006CCBA9 /* CleanerUITests */ = {
			isa = PBXGroup;
			children = (
				FF0E30971F8214FF006CCBA9 /* CleanerUITests.swift */,
				FF0E30991F8214FF006CCBA9 /* Info.plist */,
			);
			path = CleanerUITests;
			sourceTree = "<group>";
		};
/* End PBXGroup section */

/* Begin PBXNativeTarget section */
		FF0E30731F8214FF006CCBA9 /* Cleaner */ = {
			isa = PBXNativeTarget;
			buildConfigurationList = FF0E309C1F8214FF006CCBA9 /* Build configuration list for PBXNativeTarget "Cleaner" */;
			buildPhases = (
				FF0E30701F8214FF006CCBA9 /* Sources */,
				FF0E30711F8214FF006CCBA9 /* Frameworks */,
				FF0E30721F8214FF006CCBA9 /* Resources */,
				3F22417B1F91D8060075911F /* Embed Frameworks */,
			);
			buildRules = (
			);
			dependencies = (
			);
			name = Cleaner;
			productName = Cleaner;
			productReference = FF0E30741F8214FF006CCBA9 /* Cleaner.app */;
			productType = "com.apple.product-type.application";
		};
		FF0E30871F8214FF006CCBA9 /* CleanerTests */ = {
			isa = PBXNativeTarget;
			buildConfigurationList = FF0E309F1F8214FF006CCBA9 /* Build configuration list for PBXNativeTarget "CleanerTests" */;
			buildPhases = (
				FF0E30841F8214FF006CCBA9 /* Sources */,
				FF0E30851F8214FF006CCBA9 /* Frameworks */,
				FF0E30861F8214FF006CCBA9 /* Resources */,
			);
			buildRules = (
			);
			dependencies = (
				FF0E308A1F8214FF006CCBA9 /* PBXTargetDependency */,
			);
			name = CleanerTests;
			productName = CleanerTests;
			productReference = FF0E30881F8214FF006CCBA9 /* CleanerTests.xctest */;
			productType = "com.apple.product-type.bundle.unit-test";
		};
		FF0E30921F8214FF006CCBA9 /* CleanerUITests */ = {
			isa = PBXNativeTarget;
			buildConfigurationList = FF0E30A21F8214FF006CCBA9 /* Build configuration list for PBXNativeTarget "CleanerUITests" */;
			buildPhases = (
				FF0E308F1F8214FF006CCBA9 /* Sources */,
				FF0E30901F8214FF006CCBA9 /* Frameworks */,
				FF0E30911F8214FF006CCBA9 /* Resources */,
			);
			buildRules = (
			);
			dependencies = (
				FF0E30951F8214FF006CCBA9 /* PBXTargetDependency */,
			);
			name = CleanerUITests;
			productName = CleanerUITests;
			productReference = FF0E30931F8214FF006CCBA9 /* CleanerUITests.xctest */;
			productType = "com.apple.product-type.bundle.ui-testing";
		};
/* End PBXNativeTarget section */

/* Begin PBXProject section */
		FF0E306C1F8214FF006CCBA9 /* Project object */ = {
			isa = PBXProject;
			attributes = {
				LastSwiftUpdateCheck = 0900;
				LastUpgradeCheck = 0900;
				ORGANIZATIONNAME = BaBaBiBo;
				TargetAttributes = {
					FF0E30731F8214FF006CCBA9 = {
						CreatedOnToolsVersion = 9.0;
					};
					FF0E30871F8214FF006CCBA9 = {
						CreatedOnToolsVersion = 9.0;
						TestTargetID = FF0E30731F8214FF006CCBA9;
					};
					FF0E30921F8214FF006CCBA9 = {
						CreatedOnToolsVersion = 9.0;
						TestTargetID = FF0E30731F8214FF006CCBA9;
					};
				};
			};
			buildConfigurationList = FF0E306F1F8214FF006CCBA9 /* Build configuration list for PBXProject "Cleaner" */;
			compatibilityVersion = "Xcode 8.0";
			developmentRegion = en;
			hasScannedForEncodings = 0;
			knownRegions = (
				en,
				Base,
			);
			mainGroup = FF0E306B1F8214FF006CCBA9;
			productRefGroup = FF0E30751F8214FF006CCBA9 /* Products */;
			projectDirPath = "";
			projectRoot = "";
			targets = (
				FF0E30731F8214FF006CCBA9 /* Cleaner */,
				FF0E30871F8214FF006CCBA9 /* CleanerTests */,
				FF0E30921F8214FF006CCBA9 /* CleanerUITests */,
			);
		};
/* End PBXProject section */

/* Begin PBXResourcesBuildPhase section */
		FF0E30721F8214FF006CCBA9 /* Resources */ = {
			isa = PBXResourcesBuildPhase;
			buildActionMask = 2147483647;
			files = (
				3F673ED91F82560600E0DA07 /* Dashboard.storyboard in Resources */,
				3B220D1F1F8483DE00782306 /* Wifi.storyboard in Resources */,
				3B2A437F1F87781C0053A89B /* SortFileTableVC.storyboard in Resources */,
				3B2A437E1F87781C0053A89B /* NetworkSpeed.storyboard in Resources */,
				FFD8EE571FA9A002007C9C3C /* ActivityIndicator.xib in Resources */,
				3B2A437D1F87781C0053A89B /* BoostMemory.storyboard in Resources */,
				FF0E30821F8214FF006CCBA9 /* LaunchScreen.storyboard in Resources */,
				3F30D7241F8885DF00C28CA2 /* Main.storyboard in Resources */,
				3B2A43A01F877BCD0053A89B /* JunkClean.storyboard in Resources */,
				FFDB57E11F97506B008EDE77 /* Info.plist in Resources */,
				8475E72E1F88B5D200F34CFC /* data.plist in Resources */,
				FF0E307F1F8214FF006CCBA9 /* Assets.xcassets in Resources */,
			);
			runOnlyForDeploymentPostprocessing = 0;
		};
		FF0E30861F8214FF006CCBA9 /* Resources */ = {
			isa = PBXResourcesBuildPhase;
			buildActionMask = 2147483647;
			files = (
			);
			runOnlyForDeploymentPostprocessing = 0;
		};
		FF0E30911F8214FF006CCBA9 /* Resources */ = {
			isa = PBXResourcesBuildPhase;
			buildActionMask = 2147483647;
			files = (
			);
			runOnlyForDeploymentPostprocessing = 0;
		};
/* End PBXResourcesBuildPhase section */

/* Begin PBXSourcesBuildPhase section */
		FF0E30701F8214FF006CCBA9 /* Sources */ = {
			isa = PBXSourcesBuildPhase;
			buildActionMask = 2147483647;
			files = (
				3B289B421F9D9DB500906FBF /* Ping.m in Sources */,
				FFE7246E1FA8BAE700E4D021 /* CleanerAsset.swift in Sources */,
				3F9DE7821F96FF2B0018A861 /* Memory.swift in Sources */,
				8475E73C1F88B7CC00F34CFC /* WifiScanResultTableViewCell.swift in Sources */,
				3B2A439D1F877B670053A89B /* PieChartView.swift in Sources */,
				3B2A439E1F877B670053A89B /* View.swift in Sources */,
				3F2241D01F91FE220075911F /* ConvertMpbs.swift in Sources */,
				3F9DE7851F96FF830018A861 /* FPS.swift in Sources */,
				3B2A43931F877B5F0053A89B /* JunkCleanVC.swift in Sources */,
				3F9DE7861F96FF830018A861 /* Hardware.swift in Sources */,
				3B2A439C1F877B670053A89B /* GradientColorView.swift in Sources */,
				3FD96D391FA98A5300AF332E /* GaugeView.swift in Sources */,
				3B2A43941F877B5F0053A89B /* DashboardVC.swift in Sources */,
				8498CDB41F9186EF00118C98 /* DetailImageVC.swift in Sources */,
				8475E7331F88B5D200F34CFC /* MMLANScanner.m in Sources */,
				3BB71E301F9857B000263DF5 /* SystemServices.swift in Sources */,
				3F673EDC1F8258AB00E0DA07 /* AppDelegate.swift in Sources */,
				18F8DB2F1FA6CA06003148FB /* ContactVC.swift in Sources */,
				3FF0FABA1FA0109D00030750 /* CountingLabel.swift in Sources */,
				8475E7361F88B5D200F34CFC /* MMDevice.m in Sources */,
				3F30D72B1F88880700C28CA2 /* Constants.swift in Sources */,
				3B64C5E81FA18E77000F85F5 /* VideoViewController.swift in Sources */,
				3BA937651F973DA7002AA152 /* GoogleAdsMob.swift in Sources */,
				3F223BFA1F91A13C0075911F /* NetworkServices.swift in Sources */,
				3F9DE7831F96FF450018A861 /* CPU.swift in Sources */,
				3F30D7281F88866C00C28CA2 /* ContainerVC.swift in Sources */,
				8425DC3F1F9EB54300AE29C7 /* PHAssetExtension.swift in Sources */,
				3FD96D371FA98A4E00AF332E /* GaugeLayer.swift in Sources */,
				84E39D791F8C3CD9004B77F3 /* ViewControllerHelper.swift in Sources */,
				8475E7311F88B5D200F34CFC /* LANProperties.m in Sources */,
				8475E73A1F88B7BB00F34CFC /* WifiScanResultVC.swift in Sources */,
				FFD983631FA831CF0055DF03 /* PhotoServices.swift in Sources */,
				3F9DE7881F96FF830018A861 /* NetworkFlow.swift in Sources */,
				3F9DE7841F96FF6A0018A861 /* System.swift in Sources */,
				8475E7321F88B5D200F34CFC /* MACOperation.m in Sources */,
				3B2A43921F877B5A0053A89B /* BoostVC.swift in Sources */,
				3B2A43951F877B5F0053A89B /* NetworkSpeedVC.swift in Sources */,
				3FF0FAB81FA0109500030750 /* SweepView.swift in Sources */,
				3F9DE7891F96FF8E0018A861 /* NetObjc.m in Sources */,
				8475E73E1F88B8B400F34CFC /* NetworkScanner.swift in Sources */,
				3F9DE7871F96FF830018A861 /* Network.swift in Sources */,
				3B2A43981F877B640053A89B /* SortFileTableVC.swift in Sources */,
				8475E7351F88B5D200F34CFC /* PingOperation.m in Sources */,
				8475E72F1F88B5D200F34CFC /* MacFinder.m in Sources */,
				3B2A439B1F877B670053A89B /* CustomView.swift in Sources */,
				8475E7341F88B5D200F34CFC /* NetworkCalculator.m in Sources */,
				3F661ECB1F9424EE00E030E4 /* DeviceServices.swift in Sources */,
				FFE724701FA8D7F400E4D021 /* TableViewCell.swift in Sources */,
				3F7852EB1F939DC60044F1A0 /* SimplePing.m in Sources */,
				3B2A43971F877B5F0053A89B /* WifiVC.swift in Sources */,
				FFD68E411F8CCEED00B1AC9A /* UrlExtension.swift in Sources */,
				3F30D7271F88866C00C28CA2 /* MenuTableVC.swift in Sources */,
			);
			runOnlyForDeploymentPostprocessing = 0;
		};
		FF0E30841F8214FF006CCBA9 /* Sources */ = {
			isa = PBXSourcesBuildPhase;
			buildActionMask = 2147483647;
			files = (
				FF0E308D1F8214FF006CCBA9 /* CleanerTests.swift in Sources */,
			);
			runOnlyForDeploymentPostprocessing = 0;
		};
		FF0E308F1F8214FF006CCBA9 /* Sources */ = {
			isa = PBXSourcesBuildPhase;
			buildActionMask = 2147483647;
			files = (
				FF0E30981F8214FF006CCBA9 /* CleanerUITests.swift in Sources */,
			);
			runOnlyForDeploymentPostprocessing = 0;
		};
/* End PBXSourcesBuildPhase section */

/* Begin PBXTargetDependency section */
		FF0E308A1F8214FF006CCBA9 /* PBXTargetDependency */ = {
			isa = PBXTargetDependency;
			target = FF0E30731F8214FF006CCBA9 /* Cleaner */;
			targetProxy = FF0E30891F8214FF006CCBA9 /* PBXContainerItemProxy */;
		};
		FF0E30951F8214FF006CCBA9 /* PBXTargetDependency */ = {
			isa = PBXTargetDependency;
			target = FF0E30731F8214FF006CCBA9 /* Cleaner */;
			targetProxy = FF0E30941F8214FF006CCBA9 /* PBXContainerItemProxy */;
		};
/* End PBXTargetDependency section */

/* Begin PBXVariantGroup section */
		3B220D1D1F8483BC00782306 /* Wifi.storyboard */ = {
			isa = PBXVariantGroup;
			children = (
				3B220D1E1F8483BC00782306 /* Base */,
			);
			name = Wifi.storyboard;
			sourceTree = "<group>";
		};
		3B2A43771F87781C0053A89B /* BoostMemory.storyboard */ = {
			isa = PBXVariantGroup;
			children = (
				3B2A43781F87781C0053A89B /* Base */,
			);
			name = BoostMemory.storyboard;
			sourceTree = "<group>";
		};
		3B2A43791F87781C0053A89B /* NetworkSpeed.storyboard */ = {
			isa = PBXVariantGroup;
			children = (
				3B2A437A1F87781C0053A89B /* Base */,
			);
			name = NetworkSpeed.storyboard;
			sourceTree = "<group>";
		};
		3B2A437B1F87781C0053A89B /* SortFileTableVC.storyboard */ = {
			isa = PBXVariantGroup;
			children = (
				3B2A437C1F87781C0053A89B /* Base */,
			);
			name = SortFileTableVC.storyboard;
			sourceTree = "<group>";
		};
		3B2A438F1F8779E60053A89B /* JunkClean.storyboard */ = {
			isa = PBXVariantGroup;
			children = (
				3B2A43901F8779E60053A89B /* Base */,
			);
			name = JunkClean.storyboard;
			sourceTree = "<group>";
		};
		3F673E9B1F82556700E0DA07 /* Dashboard.storyboard */ = {
			isa = PBXVariantGroup;
			children = (
				3F673E9C1F82556700E0DA07 /* Base */,
			);
			name = Dashboard.storyboard;
			sourceTree = "<group>";
		};
		FF0E30801F8214FF006CCBA9 /* LaunchScreen.storyboard */ = {
			isa = PBXVariantGroup;
			children = (
				FF0E30811F8214FF006CCBA9 /* Base */,
			);
			name = LaunchScreen.storyboard;
			sourceTree = "<group>";
		};
/* End PBXVariantGroup section */

/* Begin XCBuildConfiguration section */
		FF0E309A1F8214FF006CCBA9 /* Debug */ = {
			isa = XCBuildConfiguration;
			buildSettings = {
				ALWAYS_SEARCH_USER_PATHS = NO;
				CLANG_ANALYZER_NONNULL = YES;
				CLANG_ANALYZER_NUMBER_OBJECT_CONVERSION = YES_AGGRESSIVE;
				CLANG_CXX_LANGUAGE_STANDARD = "gnu++14";
				CLANG_CXX_LIBRARY = "libc++";
				CLANG_ENABLE_MODULES = YES;
				CLANG_ENABLE_OBJC_ARC = YES;
				CLANG_WARN_BLOCK_CAPTURE_AUTORELEASING = YES;
				CLANG_WARN_BOOL_CONVERSION = YES;
				CLANG_WARN_COMMA = YES;
				CLANG_WARN_CONSTANT_CONVERSION = YES;
				CLANG_WARN_DIRECT_OBJC_ISA_USAGE = YES_ERROR;
				CLANG_WARN_DOCUMENTATION_COMMENTS = YES;
				CLANG_WARN_EMPTY_BODY = YES;
				CLANG_WARN_ENUM_CONVERSION = YES;
				CLANG_WARN_INFINITE_RECURSION = YES;
				CLANG_WARN_INT_CONVERSION = YES;
				CLANG_WARN_NON_LITERAL_NULL_CONVERSION = YES;
				CLANG_WARN_OBJC_LITERAL_CONVERSION = YES;
				CLANG_WARN_OBJC_ROOT_CLASS = YES_ERROR;
				CLANG_WARN_RANGE_LOOP_ANALYSIS = YES;
				CLANG_WARN_STRICT_PROTOTYPES = YES;
				CLANG_WARN_SUSPICIOUS_MOVE = YES;
				CLANG_WARN_UNGUARDED_AVAILABILITY = YES_AGGRESSIVE;
				CLANG_WARN_UNREACHABLE_CODE = YES;
				CLANG_WARN__DUPLICATE_METHOD_MATCH = YES;
				CODE_SIGN_IDENTITY = "iPhone Developer";
				COPY_PHASE_STRIP = NO;
				DEBUG_INFORMATION_FORMAT = dwarf;
				ENABLE_STRICT_OBJC_MSGSEND = YES;
				ENABLE_TESTABILITY = YES;
				GCC_C_LANGUAGE_STANDARD = gnu11;
				GCC_DYNAMIC_NO_PIC = NO;
				GCC_NO_COMMON_BLOCKS = YES;
				GCC_OPTIMIZATION_LEVEL = 0;
				GCC_PREPROCESSOR_DEFINITIONS = (
					"DEBUG=1",
					"$(inherited)",
				);
				GCC_WARN_64_TO_32_BIT_CONVERSION = YES;
				GCC_WARN_ABOUT_RETURN_TYPE = YES_ERROR;
				GCC_WARN_UNDECLARED_SELECTOR = YES;
				GCC_WARN_UNINITIALIZED_AUTOS = YES_AGGRESSIVE;
				GCC_WARN_UNUSED_FUNCTION = YES;
				GCC_WARN_UNUSED_VARIABLE = YES;
				IPHONEOS_DEPLOYMENT_TARGET = 11.0;
				MTL_ENABLE_DEBUG_INFO = YES;
				ONLY_ACTIVE_ARCH = YES;
				SDKROOT = iphoneos;
				SWIFT_ACTIVE_COMPILATION_CONDITIONS = DEBUG;
				SWIFT_OBJC_BRIDGING_HEADER = Cleaner/BridingHeader.h;
				SWIFT_OPTIMIZATION_LEVEL = "-Onone";
				SWIFT_VERSION = 4.0;
			};
			name = Debug;
		};
		FF0E309B1F8214FF006CCBA9 /* Release */ = {
			isa = XCBuildConfiguration;
			buildSettings = {
				ALWAYS_SEARCH_USER_PATHS = NO;
				CLANG_ANALYZER_NONNULL = YES;
				CLANG_ANALYZER_NUMBER_OBJECT_CONVERSION = YES_AGGRESSIVE;
				CLANG_CXX_LANGUAGE_STANDARD = "gnu++14";
				CLANG_CXX_LIBRARY = "libc++";
				CLANG_ENABLE_MODULES = YES;
				CLANG_ENABLE_OBJC_ARC = YES;
				CLANG_WARN_BLOCK_CAPTURE_AUTORELEASING = YES;
				CLANG_WARN_BOOL_CONVERSION = YES;
				CLANG_WARN_COMMA = YES;
				CLANG_WARN_CONSTANT_CONVERSION = YES;
				CLANG_WARN_DIRECT_OBJC_ISA_USAGE = YES_ERROR;
				CLANG_WARN_DOCUMENTATION_COMMENTS = YES;
				CLANG_WARN_EMPTY_BODY = YES;
				CLANG_WARN_ENUM_CONVERSION = YES;
				CLANG_WARN_INFINITE_RECURSION = YES;
				CLANG_WARN_INT_CONVERSION = YES;
				CLANG_WARN_NON_LITERAL_NULL_CONVERSION = YES;
				CLANG_WARN_OBJC_LITERAL_CONVERSION = YES;
				CLANG_WARN_OBJC_ROOT_CLASS = YES_ERROR;
				CLANG_WARN_RANGE_LOOP_ANALYSIS = YES;
				CLANG_WARN_STRICT_PROTOTYPES = YES;
				CLANG_WARN_SUSPICIOUS_MOVE = YES;
				CLANG_WARN_UNGUARDED_AVAILABILITY = YES_AGGRESSIVE;
				CLANG_WARN_UNREACHABLE_CODE = YES;
				CLANG_WARN__DUPLICATE_METHOD_MATCH = YES;
				CODE_SIGN_IDENTITY = "iPhone Developer";
				COPY_PHASE_STRIP = NO;
				DEBUG_INFORMATION_FORMAT = "dwarf-with-dsym";
				ENABLE_NS_ASSERTIONS = NO;
				ENABLE_STRICT_OBJC_MSGSEND = YES;
				GCC_C_LANGUAGE_STANDARD = gnu11;
				GCC_NO_COMMON_BLOCKS = YES;
				GCC_WARN_64_TO_32_BIT_CONVERSION = YES;
				GCC_WARN_ABOUT_RETURN_TYPE = YES_ERROR;
				GCC_WARN_UNDECLARED_SELECTOR = YES;
				GCC_WARN_UNINITIALIZED_AUTOS = YES_AGGRESSIVE;
				GCC_WARN_UNUSED_FUNCTION = YES;
				GCC_WARN_UNUSED_VARIABLE = YES;
				IPHONEOS_DEPLOYMENT_TARGET = 11.0;
				MTL_ENABLE_DEBUG_INFO = NO;
				SDKROOT = iphoneos;
				SWIFT_OBJC_BRIDGING_HEADER = Cleaner/BridingHeader.h;
				SWIFT_OPTIMIZATION_LEVEL = "-Owholemodule";
				SWIFT_VERSION = 4.0;
				VALIDATE_PRODUCT = YES;
			};
			name = Release;
		};
		FF0E309D1F8214FF006CCBA9 /* Debug */ = {
			isa = XCBuildConfiguration;
			buildSettings = {
				ALWAYS_EMBED_SWIFT_STANDARD_LIBRARIES = YES;
				ASSETCATALOG_COMPILER_APPICON_NAME = AppIcon;
				CLANG_ENABLE_CODE_COVERAGE = YES;
				DEVELOPMENT_TEAM = 56AJJ634ZU;
				ENABLE_BITCODE = NO;
				FRAMEWORK_SEARCH_PATHS = (
					"$(inherited)",
					"$(PROJECT_DIR)/Cleaner",
				);
				INFOPLIST_FILE = Cleaner/Info.plist;
				IPHONEOS_DEPLOYMENT_TARGET = 10.2;
				LD_RUNPATH_SEARCH_PATHS = "$(inherited) @executable_path/Frameworks";
				PRODUCT_BUNDLE_IDENTIFIER = bababibo.clearn;
				PRODUCT_NAME = "$(TARGET_NAME)";
				SWIFT_VERSION = 4.0;
				TARGETED_DEVICE_FAMILY = "1,2";
			};
			name = Debug;
		};
		FF0E309E1F8214FF006CCBA9 /* Release */ = {
			isa = XCBuildConfiguration;
			buildSettings = {
				ALWAYS_EMBED_SWIFT_STANDARD_LIBRARIES = YES;
				ASSETCATALOG_COMPILER_APPICON_NAME = AppIcon;
				CLANG_ENABLE_CODE_COVERAGE = YES;
				DEVELOPMENT_TEAM = 56AJJ634ZU;
				ENABLE_BITCODE = NO;
				FRAMEWORK_SEARCH_PATHS = (
					"$(inherited)",
					"$(PROJECT_DIR)/Cleaner",
				);
				INFOPLIST_FILE = Cleaner/Info.plist;
				IPHONEOS_DEPLOYMENT_TARGET = 10.2;
				LD_RUNPATH_SEARCH_PATHS = "$(inherited) @executable_path/Frameworks";
				PRODUCT_BUNDLE_IDENTIFIER = bababibo.clearn;
				PRODUCT_NAME = "$(TARGET_NAME)";
				SWIFT_VERSION = 4.0;
				TARGETED_DEVICE_FAMILY = "1,2";
			};
			name = Release;
		};
		FF0E30A01F8214FF006CCBA9 /* Debug */ = {
			isa = XCBuildConfiguration;
			buildSettings = {
				ALWAYS_EMBED_SWIFT_STANDARD_LIBRARIES = YES;
				BUNDLE_LOADER = "$(TEST_HOST)";
				INFOPLIST_FILE = CleanerTests/Info.plist;
				LD_RUNPATH_SEARCH_PATHS = "$(inherited) @executable_path/Frameworks @loader_path/Frameworks";
				PRODUCT_BUNDLE_IDENTIFIER = BaBaBiBo.CleanerTests;
				PRODUCT_NAME = "$(TARGET_NAME)";
				SWIFT_VERSION = 4.0;
				TARGETED_DEVICE_FAMILY = "1,2";
				TEST_HOST = "$(BUILT_PRODUCTS_DIR)/Cleaner.app/Cleaner";
			};
			name = Debug;
		};
		FF0E30A11F8214FF006CCBA9 /* Release */ = {
			isa = XCBuildConfiguration;
			buildSettings = {
				ALWAYS_EMBED_SWIFT_STANDARD_LIBRARIES = YES;
				BUNDLE_LOADER = "$(TEST_HOST)";
				INFOPLIST_FILE = CleanerTests/Info.plist;
				LD_RUNPATH_SEARCH_PATHS = "$(inherited) @executable_path/Frameworks @loader_path/Frameworks";
				PRODUCT_BUNDLE_IDENTIFIER = BaBaBiBo.CleanerTests;
				PRODUCT_NAME = "$(TARGET_NAME)";
				SWIFT_VERSION = 4.0;
				TARGETED_DEVICE_FAMILY = "1,2";
				TEST_HOST = "$(BUILT_PRODUCTS_DIR)/Cleaner.app/Cleaner";
			};
			name = Release;
		};
		FF0E30A31F8214FF006CCBA9 /* Debug */ = {
			isa = XCBuildConfiguration;
			buildSettings = {
				ALWAYS_EMBED_SWIFT_STANDARD_LIBRARIES = YES;
				INFOPLIST_FILE = CleanerUITests/Info.plist;
				LD_RUNPATH_SEARCH_PATHS = "$(inherited) @executable_path/Frameworks @loader_path/Frameworks";
				PRODUCT_BUNDLE_IDENTIFIER = BaBaBiBo.CleanerUITests;
				PRODUCT_NAME = "$(TARGET_NAME)";
				SWIFT_VERSION = 4.0;
				TARGETED_DEVICE_FAMILY = "1,2";
				TEST_TARGET_NAME = Cleaner;
			};
			name = Debug;
		};
		FF0E30A41F8214FF006CCBA9 /* Release */ = {
			isa = XCBuildConfiguration;
			buildSettings = {
				ALWAYS_EMBED_SWIFT_STANDARD_LIBRARIES = YES;
				INFOPLIST_FILE = CleanerUITests/Info.plist;
				LD_RUNPATH_SEARCH_PATHS = "$(inherited) @executable_path/Frameworks @loader_path/Frameworks";
				PRODUCT_BUNDLE_IDENTIFIER = BaBaBiBo.CleanerUITests;
				PRODUCT_NAME = "$(TARGET_NAME)";
				SWIFT_VERSION = 4.0;
				TARGETED_DEVICE_FAMILY = "1,2";
				TEST_TARGET_NAME = Cleaner;
			};
			name = Release;
		};
/* End XCBuildConfiguration section */

/* Begin XCConfigurationList section */
		FF0E306F1F8214FF006CCBA9 /* Build configuration list for PBXProject "Cleaner" */ = {
			isa = XCConfigurationList;
			buildConfigurations = (
				FF0E309A1F8214FF006CCBA9 /* Debug */,
				FF0E309B1F8214FF006CCBA9 /* Release */,
			);
			defaultConfigurationIsVisible = 0;
			defaultConfigurationName = Release;
		};
		FF0E309C1F8214FF006CCBA9 /* Build configuration list for PBXNativeTarget "Cleaner" */ = {
			isa = XCConfigurationList;
			buildConfigurations = (
				FF0E309D1F8214FF006CCBA9 /* Debug */,
				FF0E309E1F8214FF006CCBA9 /* Release */,
			);
			defaultConfigurationIsVisible = 0;
			defaultConfigurationName = Release;
		};
		FF0E309F1F8214FF006CCBA9 /* Build configuration list for PBXNativeTarget "CleanerTests" */ = {
			isa = XCConfigurationList;
			buildConfigurations = (
				FF0E30A01F8214FF006CCBA9 /* Debug */,
				FF0E30A11F8214FF006CCBA9 /* Release */,
			);
			defaultConfigurationIsVisible = 0;
			defaultConfigurationName = Release;
		};
		FF0E30A21F8214FF006CCBA9 /* Build configuration list for PBXNativeTarget "CleanerUITests" */ = {
			isa = XCConfigurationList;
			buildConfigurations = (
				FF0E30A31F8214FF006CCBA9 /* Debug */,
				FF0E30A41F8214FF006CCBA9 /* Release */,
			);
			defaultConfigurationIsVisible = 0;
			defaultConfigurationName = Release;
		};
/* End XCConfigurationList section */
	};
	rootObject = FF0E306C1F8214FF006CCBA9 /* Project object */;
}
