// !$*UTF8*$!
{
	archiveVersion = 1;
	classes = {
	};
	objectVersion = 48;
	objects = {

/* Begin PBXBuildFile section */
		3B220D1F1F8483DE00782306 /* Wifi.storyboard in Resources */ = {isa = PBXBuildFile; fileRef = 3B220D1D1F8483BC00782306 /* Wifi.storyboard */; };
		3B2A437D1F87781C0053A89B /* BoostMemory.storyboard in Resources */ = {isa = PBXBuildFile; fileRef = 3B2A43771F87781C0053A89B /* BoostMemory.storyboard */; };
		3B2A437E1F87781C0053A89B /* NetworkSpeed.storyboard in Resources */ = {isa = PBXBuildFile; fileRef = 3B2A43791F87781C0053A89B /* NetworkSpeed.storyboard */; };
		3B2A437F1F87781C0053A89B /* SortFileTableVC.storyboard in Resources */ = {isa = PBXBuildFile; fileRef = 3B2A437B1F87781C0053A89B /* SortFileTableVC.storyboard */; };
		3B2A43911F877A010053A89B /* DataServices.swift in Sources */ = {isa = PBXBuildFile; fileRef = 3B2A438D1F8779CF0053A89B /* DataServices.swift */; };
		3B2A43921F877B5A0053A89B /* BoostVC.swift in Sources */ = {isa = PBXBuildFile; fileRef = 3B2A43851F8779080053A89B /* BoostVC.swift */; };
		3B2A43931F877B5F0053A89B /* JunkCleanVC.swift in Sources */ = {isa = PBXBuildFile; fileRef = 3B2A43821F8779080053A89B /* JunkCleanVC.swift */; };
		3B2A43941F877B5F0053A89B /* MainVC.swift in Sources */ = {isa = PBXBuildFile; fileRef = 3B2A43801F8779080053A89B /* MainVC.swift */; };
		3B2A43951F877B5F0053A89B /* NetworkSpeedVC.swift in Sources */ = {isa = PBXBuildFile; fileRef = 3B2A43831F8779080053A89B /* NetworkSpeedVC.swift */; };
		3B2A43961F877B5F0053A89B /* SortFilesVC.swift in Sources */ = {isa = PBXBuildFile; fileRef = 3B2A43811F8779080053A89B /* SortFilesVC.swift */; };
		3B2A43971F877B5F0053A89B /* WifiVC.swift in Sources */ = {isa = PBXBuildFile; fileRef = 3B2A43841F8779080053A89B /* WifiVC.swift */; };
		3B2A43981F877B640053A89B /* SortFileTableVC.swift in Sources */ = {isa = PBXBuildFile; fileRef = 3B2A43871F87790F0053A89B /* SortFileTableVC.swift */; };
		3B2A43991F877B640053A89B /* TableViewCell.swift in Sources */ = {isa = PBXBuildFile; fileRef = 3B2A43861F87790F0053A89B /* TableViewCell.swift */; };
		3B2A439A1F877B670053A89B /* Button.swift in Sources */ = {isa = PBXBuildFile; fileRef = 3B2A438C1F8779870053A89B /* Button.swift */; };
		3B2A439B1F877B670053A89B /* CustomView.swift in Sources */ = {isa = PBXBuildFile; fileRef = 3B2A43881F8779870053A89B /* CustomView.swift */; };
		3B2A439C1F877B670053A89B /* GradientColorView.swift in Sources */ = {isa = PBXBuildFile; fileRef = 3B2A438B1F8779870053A89B /* GradientColorView.swift */; };
		3B2A439D1F877B670053A89B /* PieChartView.swift in Sources */ = {isa = PBXBuildFile; fileRef = 3B2A43891F8779870053A89B /* PieChartView.swift */; };
		3B2A439E1F877B670053A89B /* View.swift in Sources */ = {isa = PBXBuildFile; fileRef = 3B2A438A1F8779870053A89B /* View.swift */; };
		3B2A439F1F877B7C0053A89B /* DeviceServices.swift in Sources */ = {isa = PBXBuildFile; fileRef = 3B2A438E1F8779CF0053A89B /* DeviceServices.swift */; };
		3B2A43A01F877BCD0053A89B /* JunkClean.storyboard in Resources */ = {isa = PBXBuildFile; fileRef = 3B2A438F1F8779E60053A89B /* JunkClean.storyboard */; };
		3F673ED91F82560600E0DA07 /* Main.storyboard in Resources */ = {isa = PBXBuildFile; fileRef = 3F673E9B1F82556700E0DA07 /* Main.storyboard */; };
		3F673EDC1F8258AB00E0DA07 /* AppDelegate.swift in Sources */ = {isa = PBXBuildFile; fileRef = 3F673EDB1F8258AB00E0DA07 /* AppDelegate.swift */; };
		FF0E307F1F8214FF006CCBA9 /* Assets.xcassets in Resources */ = {isa = PBXBuildFile; fileRef = FF0E307E1F8214FF006CCBA9 /* Assets.xcassets */; };
		FF0E30821F8214FF006CCBA9 /* LaunchScreen.storyboard in Resources */ = {isa = PBXBuildFile; fileRef = FF0E30801F8214FF006CCBA9 /* LaunchScreen.storyboard */; };
		FF0E308D1F8214FF006CCBA9 /* CleanerTests.swift in Sources */ = {isa = PBXBuildFile; fileRef = FF0E308C1F8214FF006CCBA9 /* CleanerTests.swift */; };
		FF0E30981F8214FF006CCBA9 /* CleanerUITests.swift in Sources */ = {isa = PBXBuildFile; fileRef = FF0E30971F8214FF006CCBA9 /* CleanerUITests.swift */; };
/* End PBXBuildFile section */

/* Begin PBXContainerItemProxy section */
		FF0E30891F8214FF006CCBA9 /* PBXContainerItemProxy */ = {
			isa = PBXContainerItemProxy;
			containerPortal = FF0E306C1F8214FF006CCBA9 /* Project object */;
			proxyType = 1;
			remoteGlobalIDString = FF0E30731F8214FF006CCBA9;
			remoteInfo = Cleaner;
		};
		FF0E30941F8214FF006CCBA9 /* PBXContainerItemProxy */ = {
			isa = PBXContainerItemProxy;
			containerPortal = FF0E306C1F8214FF006CCBA9 /* Project object */;
			proxyType = 1;
			remoteGlobalIDString = FF0E30731F8214FF006CCBA9;
			remoteInfo = Cleaner;
		};
/* End PBXContainerItemProxy section */

/* Begin PBXFileReference section */
		3B220D1E1F8483BC00782306 /* Base */ = {isa = PBXFileReference; lastKnownFileType = file.storyboard; name = Base; path = Base.lproj/Wifi.storyboard; sourceTree = "<group>"; };
		3B2A43781F87781C0053A89B /* Base */ = {isa = PBXFileReference; lastKnownFileType = file.storyboard; name = Base; path = Base.lproj/BoostMemory.storyboard; sourceTree = "<group>"; };
		3B2A437A1F87781C0053A89B /* Base */ = {isa = PBXFileReference; lastKnownFileType = file.storyboard; name = Base; path = Base.lproj/NetworkSpeed.storyboard; sourceTree = "<group>"; };
		3B2A437C1F87781C0053A89B /* Base */ = {isa = PBXFileReference; lastKnownFileType = file.storyboard; name = Base; path = Base.lproj/SortFileTableVC.storyboard; sourceTree = "<group>"; };
		3B2A43801F8779080053A89B /* MainVC.swift */ = {isa = PBXFileReference; lastKnownFileType = sourcecode.swift; name = MainVC.swift; path = Cleaner/ViewControllers/MainVC.swift; sourceTree = SOURCE_ROOT; };
		3B2A43811F8779080053A89B /* SortFilesVC.swift */ = {isa = PBXFileReference; lastKnownFileType = sourcecode.swift; name = SortFilesVC.swift; path = Cleaner/ViewControllers/SortFilesVC.swift; sourceTree = SOURCE_ROOT; };
		3B2A43821F8779080053A89B /* JunkCleanVC.swift */ = {isa = PBXFileReference; lastKnownFileType = sourcecode.swift; name = JunkCleanVC.swift; path = Cleaner/ViewControllers/JunkCleanVC.swift; sourceTree = SOURCE_ROOT; };
		3B2A43831F8779080053A89B /* NetworkSpeedVC.swift */ = {isa = PBXFileReference; lastKnownFileType = sourcecode.swift; name = NetworkSpeedVC.swift; path = Cleaner/ViewControllers/NetworkSpeedVC.swift; sourceTree = SOURCE_ROOT; };
		3B2A43841F8779080053A89B /* WifiVC.swift */ = {isa = PBXFileReference; lastKnownFileType = sourcecode.swift; name = WifiVC.swift; path = Cleaner/ViewControllers/WifiVC.swift; sourceTree = SOURCE_ROOT; };
		3B2A43851F8779080053A89B /* BoostVC.swift */ = {isa = PBXFileReference; lastKnownFileType = sourcecode.swift; name = BoostVC.swift; path = Cleaner/ViewControllers/BoostVC.swift; sourceTree = SOURCE_ROOT; };
		3B2A43861F87790F0053A89B /* TableViewCell.swift */ = {isa = PBXFileReference; lastKnownFileType = sourcecode.swift; name = TableViewCell.swift; path = Cleaner/ViewControllers/SortFile/TableViewCell.swift; sourceTree = SOURCE_ROOT; };
		3B2A43871F87790F0053A89B /* SortFileTableVC.swift */ = {isa = PBXFileReference; lastKnownFileType = sourcecode.swift; name = SortFileTableVC.swift; path = Cleaner/ViewControllers/SortFile/SortFileTableVC.swift; sourceTree = SOURCE_ROOT; };
		3B2A43881F8779870053A89B /* CustomView.swift */ = {isa = PBXFileReference; lastKnownFileType = sourcecode.swift; name = CustomView.swift; path = Cleaner/CustomViews/CustomView.swift; sourceTree = SOURCE_ROOT; };
		3B2A43891F8779870053A89B /* PieChartView.swift */ = {isa = PBXFileReference; lastKnownFileType = sourcecode.swift; name = PieChartView.swift; path = Cleaner/CustomViews/PieChartView.swift; sourceTree = SOURCE_ROOT; };
		3B2A438A1F8779870053A89B /* View.swift */ = {isa = PBXFileReference; lastKnownFileType = sourcecode.swift; name = View.swift; path = Cleaner/CustomViews/View.swift; sourceTree = SOURCE_ROOT; };
		3B2A438B1F8779870053A89B /* GradientColorView.swift */ = {isa = PBXFileReference; lastKnownFileType = sourcecode.swift; name = GradientColorView.swift; path = Cleaner/CustomViews/GradientColorView.swift; sourceTree = SOURCE_ROOT; };
		3B2A438C1F8779870053A89B /* Button.swift */ = {isa = PBXFileReference; lastKnownFileType = sourcecode.swift; name = Button.swift; path = Cleaner/CustomViews/Button.swift; sourceTree = SOURCE_ROOT; };
		3B2A438D1F8779CF0053A89B /* DataServices.swift */ = {isa = PBXFileReference; lastKnownFileType = sourcecode.swift; name = DataServices.swift; path = Cleaner/Services/DataServices.swift; sourceTree = SOURCE_ROOT; };
		3B2A438E1F8779CF0053A89B /* DeviceServices.swift */ = {isa = PBXFileReference; lastKnownFileType = sourcecode.swift; name = DeviceServices.swift; path = Cleaner/Services/DeviceServices.swift; sourceTree = SOURCE_ROOT; };
		3B2A43901F8779E60053A89B /* Base */ = {isa = PBXFileReference; lastKnownFileType = file.storyboard; name = Base; path = Base.lproj/JunkClean.storyboard; sourceTree = "<group>"; };
		3F673E9C1F82556700E0DA07 /* Base */ = {isa = PBXFileReference; lastKnownFileType = file.storyboard; name = Base; path = Base.lproj/Main.storyboard; sourceTree = "<group>"; };
		3F673EDB1F8258AB00E0DA07 /* AppDelegate.swift */ = {isa = PBXFileReference; lastKnownFileType = sourcecode.swift; path = AppDelegate.swift; sourceTree = "<group>"; };
		FF0E30741F8214FF006CCBA9 /* Cleaner.app */ = {isa = PBXFileReference; explicitFileType = wrapper.application; includeInIndex = 0; path = Cleaner.app; sourceTree = BUILT_PRODUCTS_DIR; };
		FF0E307E1F8214FF006CCBA9 /* Assets.xcassets */ = {isa = PBXFileReference; lastKnownFileType = folder.assetcatalog; path = Assets.xcassets; sourceTree = "<group>"; };
		FF0E30811F8214FF006CCBA9 /* Base */ = {isa = PBXFileReference; lastKnownFileType = file.storyboard; name = Base; path = Base.lproj/LaunchScreen.storyboard; sourceTree = "<group>"; };
		FF0E30831F8214FF006CCBA9 /* Info.plist */ = {isa = PBXFileReference; lastKnownFileType = text.plist.xml; path = Info.plist; sourceTree = "<group>"; };
		FF0E30881F8214FF006CCBA9 /* CleanerTests.xctest */ = {isa = PBXFileReference; explicitFileType = wrapper.cfbundle; includeInIndex = 0; path = CleanerTests.xctest; sourceTree = BUILT_PRODUCTS_DIR; };
		FF0E308C1F8214FF006CCBA9 /* CleanerTests.swift */ = {isa = PBXFileReference; lastKnownFileType = sourcecode.swift; path = CleanerTests.swift; sourceTree = "<group>"; };
		FF0E308E1F8214FF006CCBA9 /* Info.plist */ = {isa = PBXFileReference; lastKnownFileType = text.plist.xml; path = Info.plist; sourceTree = "<group>"; };
		FF0E30931F8214FF006CCBA9 /* CleanerUITests.xctest */ = {isa = PBXFileReference; explicitFileType = wrapper.cfbundle; includeInIndex = 0; path = CleanerUITests.xctest; sourceTree = BUILT_PRODUCTS_DIR; };
		FF0E30971F8214FF006CCBA9 /* CleanerUITests.swift */ = {isa = PBXFileReference; lastKnownFileType = sourcecode.swift; path = CleanerUITests.swift; sourceTree = "<group>"; };
		FF0E30991F8214FF006CCBA9 /* Info.plist */ = {isa = PBXFileReference; lastKnownFileType = text.plist.xml; path = Info.plist; sourceTree = "<group>"; };
/* End PBXFileReference section */

/* Begin PBXFrameworksBuildPhase section */
		FF0E30711F8214FF006CCBA9 /* Frameworks */ = {
			isa = PBXFrameworksBuildPhase;
			buildActionMask = 2147483647;
			files = (
			);
			runOnlyForDeploymentPostprocessing = 0;
		};
		FF0E30851F8214FF006CCBA9 /* Frameworks */ = {
			isa = PBXFrameworksBuildPhase;
			buildActionMask = 2147483647;
			files = (
			);
			runOnlyForDeploymentPostprocessing = 0;
		};
		FF0E30901F8214FF006CCBA9 /* Frameworks */ = {
			isa = PBXFrameworksBuildPhase;
			buildActionMask = 2147483647;
			files = (
			);
			runOnlyForDeploymentPostprocessing = 0;
		};
/* End PBXFrameworksBuildPhase section */

/* Begin PBXGroup section */
		3B508FC01F8264BE00A15E62 /* ViewControllers */ = {
			isa = PBXGroup;
			children = (
				3B2A43851F8779080053A89B /* BoostVC.swift */,
				3B2A43821F8779080053A89B /* JunkCleanVC.swift */,
				3B2A43801F8779080053A89B /* MainVC.swift */,
				3B2A43831F8779080053A89B /* NetworkSpeedVC.swift */,
				3B2A43811F8779080053A89B /* SortFilesVC.swift */,
				3B2A43841F8779080053A89B /* WifiVC.swift */,
				3B508FC31F82652B00A15E62 /* SortFile */,
			);
			name = ViewControllers;
			path = "New Group";
			sourceTree = "<group>";
		};
		3B508FC11F8264EF00A15E62 /* CustomViews */ = {
			isa = PBXGroup;
			children = (
				3B2A438C1F8779870053A89B /* Button.swift */,
				3B2A43881F8779870053A89B /* CustomView.swift */,
				3B2A438B1F8779870053A89B /* GradientColorView.swift */,
				3B2A43891F8779870053A89B /* PieChartView.swift */,
				3B2A438A1F8779870053A89B /* View.swift */,
			);
			name = CustomViews;
			path = "New Group1";
			sourceTree = "<group>";
		};
		3B508FC21F82650C00A15E62 /* Storyboard */ = {
			isa = PBXGroup;
			children = (
				3B2A43771F87781C0053A89B /* BoostMemory.storyboard */,
				3B2A43791F87781C0053A89B /* NetworkSpeed.storyboard */,
				3B2A437B1F87781C0053A89B /* SortFileTableVC.storyboard */,
				3B220D1D1F8483BC00782306 /* Wifi.storyboard */,
				3F673E9B1F82556700E0DA07 /* Main.storyboard */,
				FF0E30801F8214FF006CCBA9 /* LaunchScreen.storyboard */,
				3B2A438F1F8779E60053A89B /* JunkClean.storyboard */,
			);
			name = Storyboard;
			sourceTree = "<group>";
		};
		3B508FC31F82652B00A15E62 /* SortFile */ = {
			isa = PBXGroup;
			children = (
				3B2A43871F87790F0053A89B /* SortFileTableVC.swift */,
				3B2A43861F87790F0053A89B /* TableViewCell.swift */,
			);
			path = SortFile;
			sourceTree = "<group>";
		};
		3B508FC41F82654A00A15E62 /* Services */ = {
			isa = PBXGroup;
			children = (
				3B2A438D1F8779CF0053A89B /* DataServices.swift */,
				3B2A438E1F8779CF0053A89B /* DeviceServices.swift */,
			);
			name = Services;
			path = "New Group2";
			sourceTree = "<group>";
		};
		FF0E306B1F8214FF006CCBA9 = {
			isa = PBXGroup;
			children = (
				FF0E30761F8214FF006CCBA9 /* Cleaner */,
				FF0E308B1F8214FF006CCBA9 /* CleanerTests */,
				FF0E30961F8214FF006CCBA9 /* CleanerUITests */,
				FF0E30751F8214FF006CCBA9 /* Products */,
			);
			sourceTree = "<group>";
		};
		FF0E30751F8214FF006CCBA9 /* Products */ = {
			isa = PBXGroup;
			children = (
				FF0E30741F8214FF006CCBA9 /* Cleaner.app */,
				FF0E30881F8214FF006CCBA9 /* CleanerTests.xctest */,
				FF0E30931F8214FF006CCBA9 /* CleanerUITests.xctest */,
			);
			name = Products;
			sourceTree = "<group>";
		};
		FF0E30761F8214FF006CCBA9 /* Cleaner */ = {
			isa = PBXGroup;
			children = (
				3F673EDB1F8258AB00E0DA07 /* AppDelegate.swift */,
				3B508FC41F82654A00A15E62 /* Services */,
				3B508FC21F82650C00A15E62 /* Storyboard */,
				FF0E307E1F8214FF006CCBA9 /* Assets.xcassets */,
				FF0E30831F8214FF006CCBA9 /* Info.plist */,
				3B508FC01F8264BE00A15E62 /* ViewControllers */,
				3B508FC11F8264EF00A15E62 /* CustomViews */,
			);
			path = Cleaner;
			sourceTree = "<group>";
		};
		FF0E308B1F8214FF006CCBA9 /* CleanerTests */ = {
			isa = PBXGroup;
			children = (
				FF0E308C1F8214FF006CCBA9 /* CleanerTests.swift */,
				FF0E308E1F8214FF006CCBA9 /* Info.plist */,
			);
			path = CleanerTests;
			sourceTree = "<group>";
		};
		FF0E30961F8214FF006CCBA9 /* CleanerUITests */ = {
			isa = PBXGroup;
			children = (
				FF0E30971F8214FF006CCBA9 /* CleanerUITests.swift */,
				FF0E30991F8214FF006CCBA9 /* Info.plist */,
			);
			path = CleanerUITests;
			sourceTree = "<group>";
		};
/* End PBXGroup section */

/* Begin PBXNativeTarget section */
		FF0E30731F8214FF006CCBA9 /* Cleaner */ = {
			isa = PBXNativeTarget;
			buildConfigurationList = FF0E309C1F8214FF006CCBA9 /* Build configuration list for PBXNativeTarget "Cleaner" */;
			buildPhases = (
				FF0E30701F8214FF006CCBA9 /* Sources */,
				FF0E30711F8214FF006CCBA9 /* Frameworks */,
				FF0E30721F8214FF006CCBA9 /* Resources */,
			);
			buildRules = (
			);
			dependencies = (
			);
			name = Cleaner;
			productName = Cleaner;
			productReference = FF0E30741F8214FF006CCBA9 /* Cleaner.app */;
			productType = "com.apple.product-type.application";
		};
		FF0E30871F8214FF006CCBA9 /* CleanerTests */ = {
			isa = PBXNativeTarget;
			buildConfigurationList = FF0E309F1F8214FF006CCBA9 /* Build configuration list for PBXNativeTarget "CleanerTests" */;
			buildPhases = (
				FF0E30841F8214FF006CCBA9 /* Sources */,
				FF0E30851F8214FF006CCBA9 /* Frameworks */,
				FF0E30861F8214FF006CCBA9 /* Resources */,
			);
			buildRules = (
			);
			dependencies = (
				FF0E308A1F8214FF006CCBA9 /* PBXTargetDependency */,
			);
			name = CleanerTests;
			productName = CleanerTests;
			productReference = FF0E30881F8214FF006CCBA9 /* CleanerTests.xctest */;
			productType = "com.apple.product-type.bundle.unit-test";
		};
		FF0E30921F8214FF006CCBA9 /* CleanerUITests */ = {
			isa = PBXNativeTarget;
			buildConfigurationList = FF0E30A21F8214FF006CCBA9 /* Build configuration list for PBXNativeTarget "CleanerUITests" */;
			buildPhases = (
				FF0E308F1F8214FF006CCBA9 /* Sources */,
				FF0E30901F8214FF006CCBA9 /* Frameworks */,
				FF0E30911F8214FF006CCBA9 /* Resources */,
			);
			buildRules = (
			);
			dependencies = (
				FF0E30951F8214FF006CCBA9 /* PBXTargetDependency */,
			);
			name = CleanerUITests;
			productName = CleanerUITests;
			productReference = FF0E30931F8214FF006CCBA9 /* CleanerUITests.xctest */;
			productType = "com.apple.product-type.bundle.ui-testing";
		};
/* End PBXNativeTarget section */

/* Begin PBXProject section */
		FF0E306C1F8214FF006CCBA9 /* Project object */ = {
			isa = PBXProject;
			attributes = {
				LastSwiftUpdateCheck = 0900;
				LastUpgradeCheck = 0900;
				ORGANIZATIONNAME = BaBaBiBo;
				TargetAttributes = {
					FF0E30731F8214FF006CCBA9 = {
						CreatedOnToolsVersion = 9.0;
					};
					FF0E30871F8214FF006CCBA9 = {
						CreatedOnToolsVersion = 9.0;
						TestTargetID = FF0E30731F8214FF006CCBA9;
					};
					FF0E30921F8214FF006CCBA9 = {
						CreatedOnToolsVersion = 9.0;
						TestTargetID = FF0E30731F8214FF006CCBA9;
					};
				};
			};
			buildConfigurationList = FF0E306F1F8214FF006CCBA9 /* Build configuration list for PBXProject "Cleaner" */;
			compatibilityVersion = "Xcode 8.0";
			developmentRegion = en;
			hasScannedForEncodings = 0;
			knownRegions = (
				en,
				Base,
			);
			mainGroup = FF0E306B1F8214FF006CCBA9;
			productRefGroup = FF0E30751F8214FF006CCBA9 /* Products */;
			projectDirPath = "";
			projectRoot = "";
			targets = (
				FF0E30731F8214FF006CCBA9 /* Cleaner */,
				FF0E30871F8214FF006CCBA9 /* CleanerTests */,
				FF0E30921F8214FF006CCBA9 /* CleanerUITests */,
			);
		};
/* End PBXProject section */

/* Begin PBXResourcesBuildPhase section */
		FF0E30721F8214FF006CCBA9 /* Resources */ = {
			isa = PBXResourcesBuildPhase;
			buildActionMask = 2147483647;
			files = (
				3F673ED91F82560600E0DA07 /* Main.storyboard in Resources */,
				3B220D1F1F8483DE00782306 /* Wifi.storyboard in Resources */,
				3B2A437F1F87781C0053A89B /* SortFileTableVC.storyboard in Resources */,
				3B2A437E1F87781C0053A89B /* NetworkSpeed.storyboard in Resources */,
				3B2A437D1F87781C0053A89B /* BoostMemory.storyboard in Resources */,
				FF0E30821F8214FF006CCBA9 /* LaunchScreen.storyboard in Resources */,
				3B2A43A01F877BCD0053A89B /* JunkClean.storyboard in Resources */,
				FF0E307F1F8214FF006CCBA9 /* Assets.xcassets in Resources */,
			);
			runOnlyForDeploymentPostprocessing = 0;
		};
		FF0E30861F8214FF006CCBA9 /* Resources */ = {
			isa = PBXResourcesBuildPhase;
			buildActionMask = 2147483647;
			files = (
			);
			runOnlyForDeploymentPostprocessing = 0;
		};
		FF0E30911F8214FF006CCBA9 /* Resources */ = {
			isa = PBXResourcesBuildPhase;
			buildActionMask = 2147483647;
			files = (
			);
			runOnlyForDeploymentPostprocessing = 0;
		};
/* End PBXResourcesBuildPhase section */

/* Begin PBXSourcesBuildPhase section */
		FF0E30701F8214FF006CCBA9 /* Sources */ = {
			isa = PBXSourcesBuildPhase;
			buildActionMask = 2147483647;
			files = (
				3B2A439D1F877B670053A89B /* PieChartView.swift in Sources */,
				3B2A43961F877B5F0053A89B /* SortFilesVC.swift in Sources */,
				3B2A439E1F877B670053A89B /* View.swift in Sources */,
				3B2A43931F877B5F0053A89B /* JunkCleanVC.swift in Sources */,
				3B2A439C1F877B670053A89B /* GradientColorView.swift in Sources */,
				3B2A43941F877B5F0053A89B /* MainVC.swift in Sources */,
				3F673EDC1F8258AB00E0DA07 /* AppDelegate.swift in Sources */,
				3B2A43911F877A010053A89B /* DataServices.swift in Sources */,
				3B2A43991F877B640053A89B /* TableViewCell.swift in Sources */,
				3B2A43921F877B5A0053A89B /* BoostVC.swift in Sources */,
				3B2A43951F877B5F0053A89B /* NetworkSpeedVC.swift in Sources */,
				3B2A43981F877B640053A89B /* SortFileTableVC.swift in Sources */,
				3B2A439B1F877B670053A89B /* CustomView.swift in Sources */,
				3B2A43971F877B5F0053A89B /* WifiVC.swift in Sources */,
				3B2A439A1F877B670053A89B /* Button.swift in Sources */,
				3B2A439F1F877B7C0053A89B /* DeviceServices.swift in Sources */,
			);
			runOnlyForDeploymentPostprocessing = 0;
		};
		FF0E30841F8214FF006CCBA9 /* Sources */ = {
			isa = PBXSourcesBuildPhase;
			buildActionMask = 2147483647;
			files = (
				FF0E308D1F8214FF006CCBA9 /* CleanerTests.swift in Sources */,
			);
			runOnlyForDeploymentPostprocessing = 0;
		};
		FF0E308F1F8214FF006CCBA9 /* Sources */ = {
			isa = PBXSourcesBuildPhase;
			buildActionMask = 2147483647;
			files = (
				FF0E30981F8214FF006CCBA9 /* CleanerUITests.swift in Sources */,
			);
			runOnlyForDeploymentPostprocessing = 0;
		};
/* End PBXSourcesBuildPhase section */

/* Begin PBXTargetDependency section */
		FF0E308A1F8214FF006CCBA9 /* PBXTargetDependency */ = {
			isa = PBXTargetDependency;
			target = FF0E30731F8214FF006CCBA9 /* Cleaner */;
			targetProxy = FF0E30891F8214FF006CCBA9 /* PBXContainerItemProxy */;
		};
		FF0E30951F8214FF006CCBA9 /* PBXTargetDependency */ = {
			isa = PBXTargetDependency;
			target = FF0E30731F8214FF006CCBA9 /* Cleaner */;
			targetProxy = FF0E30941F8214FF006CCBA9 /* PBXContainerItemProxy */;
		};
/* End PBXTargetDependency section */

/* Begin PBXVariantGroup section */
		3B220D1D1F8483BC00782306 /* Wifi.storyboard */ = {
			isa = PBXVariantGroup;
			children = (
				3B220D1E1F8483BC00782306 /* Base */,
			);
			name = Wifi.storyboard;
			sourceTree = "<group>";
		};
		3B2A43771F87781C0053A89B /* BoostMemory.storyboard */ = {
			isa = PBXVariantGroup;
			children = (
				3B2A43781F87781C0053A89B /* Base */,
			);
			name = BoostMemory.storyboard;
			sourceTree = "<group>";
		};
		3B2A43791F87781C0053A89B /* NetworkSpeed.storyboard */ = {
			isa = PBXVariantGroup;
			children = (
				3B2A437A1F87781C0053A89B /* Base */,
			);
			name = NetworkSpeed.storyboard;
			sourceTree = "<group>";
		};
		3B2A437B1F87781C0053A89B /* SortFileTableVC.storyboard */ = {
			isa = PBXVariantGroup;
			children = (
				3B2A437C1F87781C0053A89B /* Base */,
			);
			name = SortFileTableVC.storyboard;
			sourceTree = "<group>";
		};
		3B2A438F1F8779E60053A89B /* JunkClean.storyboard */ = {
			isa = PBXVariantGroup;
			children = (
				3B2A43901F8779E60053A89B /* Base */,
			);
			name = JunkClean.storyboard;
			sourceTree = "<group>";
		};
		3F673E9B1F82556700E0DA07 /* Main.storyboard */ = {
			isa = PBXVariantGroup;
			children = (
				3F673E9C1F82556700E0DA07 /* Base */,
			);
			name = Main.storyboard;
			sourceTree = "<group>";
		};
		FF0E30801F8214FF006CCBA9 /* LaunchScreen.storyboard */ = {
			isa = PBXVariantGroup;
			children = (
				FF0E30811F8214FF006CCBA9 /* Base */,
			);
			name = LaunchScreen.storyboard;
			sourceTree = "<group>";
		};
/* End PBXVariantGroup section */

/* Begin XCBuildConfiguration section */
		FF0E309A1F8214FF006CCBA9 /* Debug */ = {
			isa = XCBuildConfiguration;
			buildSettings = {
				ALWAYS_SEARCH_USER_PATHS = NO;
				CLANG_ANALYZER_NONNULL = YES;
				CLANG_ANALYZER_NUMBER_OBJECT_CONVERSION = YES_AGGRESSIVE;
				CLANG_CXX_LANGUAGE_STANDARD = "gnu++14";
				CLANG_CXX_LIBRARY = "libc++";
				CLANG_ENABLE_MODULES = YES;
				CLANG_ENABLE_OBJC_ARC = YES;
				CLANG_WARN_BLOCK_CAPTURE_AUTORELEASING = YES;
				CLANG_WARN_BOOL_CONVERSION = YES;
				CLANG_WARN_COMMA = YES;
				CLANG_WARN_CONSTANT_CONVERSION = YES;
				CLANG_WARN_DIRECT_OBJC_ISA_USAGE = YES_ERROR;
				CLANG_WARN_DOCUMENTATION_COMMENTS = YES;
				CLANG_WARN_EMPTY_BODY = YES;
				CLANG_WARN_ENUM_CONVERSION = YES;
				CLANG_WARN_INFINITE_RECURSION = YES;
				CLANG_WARN_INT_CONVERSION = YES;
				CLANG_WARN_NON_LITERAL_NULL_CONVERSION = YES;
				CLANG_WARN_OBJC_LITERAL_CONVERSION = YES;
				CLANG_WARN_OBJC_ROOT_CLASS = YES_ERROR;
				CLANG_WARN_RANGE_LOOP_ANALYSIS = YES;
				CLANG_WARN_STRICT_PROTOTYPES = YES;
				CLANG_WARN_SUSPICIOUS_MOVE = YES;
				CLANG_WARN_UNGUARDED_AVAILABILITY = YES_AGGRESSIVE;
				CLANG_WARN_UNREACHABLE_CODE = YES;
				CLANG_WARN__DUPLICATE_METHOD_MATCH = YES;
				CODE_SIGN_IDENTITY = "iPhone Developer";
				COPY_PHASE_STRIP = NO;
				DEBUG_INFORMATION_FORMAT = dwarf;
				ENABLE_STRICT_OBJC_MSGSEND = YES;
				ENABLE_TESTABILITY = YES;
				GCC_C_LANGUAGE_STANDARD = gnu11;
				GCC_DYNAMIC_NO_PIC = NO;
				GCC_NO_COMMON_BLOCKS = YES;
				GCC_OPTIMIZATION_LEVEL = 0;
				GCC_PREPROCESSOR_DEFINITIONS = (
					"DEBUG=1",
					"$(inherited)",
				);
				GCC_WARN_64_TO_32_BIT_CONVERSION = YES;
				GCC_WARN_ABOUT_RETURN_TYPE = YES_ERROR;
				GCC_WARN_UNDECLARED_SELECTOR = YES;
				GCC_WARN_UNINITIALIZED_AUTOS = YES_AGGRESSIVE;
				GCC_WARN_UNUSED_FUNCTION = YES;
				GCC_WARN_UNUSED_VARIABLE = YES;
				IPHONEOS_DEPLOYMENT_TARGET = 11.0;
				MTL_ENABLE_DEBUG_INFO = YES;
				ONLY_ACTIVE_ARCH = YES;
				SDKROOT = iphoneos;
				SWIFT_ACTIVE_COMPILATION_CONDITIONS = DEBUG;
				SWIFT_OPTIMIZATION_LEVEL = "-Onone";
			};
			name = Debug;
		};
		FF0E309B1F8214FF006CCBA9 /* Release */ = {
			isa = XCBuildConfiguration;
			buildSettings = {
				ALWAYS_SEARCH_USER_PATHS = NO;
				CLANG_ANALYZER_NONNULL = YES;
				CLANG_ANALYZER_NUMBER_OBJECT_CONVERSION = YES_AGGRESSIVE;
				CLANG_CXX_LANGUAGE_STANDARD = "gnu++14";
				CLANG_CXX_LIBRARY = "libc++";
				CLANG_ENABLE_MODULES = YES;
				CLANG_ENABLE_OBJC_ARC = YES;
				CLANG_WARN_BLOCK_CAPTURE_AUTORELEASING = YES;
				CLANG_WARN_BOOL_CONVERSION = YES;
				CLANG_WARN_COMMA = YES;
				CLANG_WARN_CONSTANT_CONVERSION = YES;
				CLANG_WARN_DIRECT_OBJC_ISA_USAGE = YES_ERROR;
				CLANG_WARN_DOCUMENTATION_COMMENTS = YES;
				CLANG_WARN_EMPTY_BODY = YES;
				CLANG_WARN_ENUM_CONVERSION = YES;
				CLANG_WARN_INFINITE_RECURSION = YES;
				CLANG_WARN_INT_CONVERSION = YES;
				CLANG_WARN_NON_LITERAL_NULL_CONVERSION = YES;
				CLANG_WARN_OBJC_LITERAL_CONVERSION = YES;
				CLANG_WARN_OBJC_ROOT_CLASS = YES_ERROR;
				CLANG_WARN_RANGE_LOOP_ANALYSIS = YES;
				CLANG_WARN_STRICT_PROTOTYPES = YES;
				CLANG_WARN_SUSPICIOUS_MOVE = YES;
				CLANG_WARN_UNGUARDED_AVAILABILITY = YES_AGGRESSIVE;
				CLANG_WARN_UNREACHABLE_CODE = YES;
				CLANG_WARN__DUPLICATE_METHOD_MATCH = YES;
				CODE_SIGN_IDENTITY = "iPhone Developer";
				COPY_PHASE_STRIP = NO;
				DEBUG_INFORMATION_FORMAT = "dwarf-with-dsym";
				ENABLE_NS_ASSERTIONS = NO;
				ENABLE_STRICT_OBJC_MSGSEND = YES;
				GCC_C_LANGUAGE_STANDARD = gnu11;
				GCC_NO_COMMON_BLOCKS = YES;
				GCC_WARN_64_TO_32_BIT_CONVERSION = YES;
				GCC_WARN_ABOUT_RETURN_TYPE = YES_ERROR;
				GCC_WARN_UNDECLARED_SELECTOR = YES;
				GCC_WARN_UNINITIALIZED_AUTOS = YES_AGGRESSIVE;
				GCC_WARN_UNUSED_FUNCTION = YES;
				GCC_WARN_UNUSED_VARIABLE = YES;
				IPHONEOS_DEPLOYMENT_TARGET = 11.0;
				MTL_ENABLE_DEBUG_INFO = NO;
				SDKROOT = iphoneos;
				SWIFT_OPTIMIZATION_LEVEL = "-Owholemodule";
				VALIDATE_PRODUCT = YES;
			};
			name = Release;
		};
		FF0E309D1F8214FF006CCBA9 /* Debug */ = {
			isa = XCBuildConfiguration;
			buildSettings = {
				ASSETCATALOG_COMPILER_APPICON_NAME = AppIcon;
				DEVELOPMENT_TEAM = 33YWV4B47P;
				INFOPLIST_FILE = Cleaner/Info.plist;
				IPHONEOS_DEPLOYMENT_TARGET = 10.2;
				LD_RUNPATH_SEARCH_PATHS = "$(inherited) @executable_path/Frameworks";
				PRODUCT_BUNDLE_IDENTIFIER = BaBaBiBo.Cleaner;
				PRODUCT_NAME = "$(TARGET_NAME)";
				SWIFT_VERSION = 4.0;
				TARGETED_DEVICE_FAMILY = "1,2";
			};
			name = Debug;
		};
		FF0E309E1F8214FF006CCBA9 /* Release */ = {
			isa = XCBuildConfiguration;
			buildSettings = {
				ASSETCATALOG_COMPILER_APPICON_NAME = AppIcon;
				DEVELOPMENT_TEAM = 33YWV4B47P;
				INFOPLIST_FILE = Cleaner/Info.plist;
				IPHONEOS_DEPLOYMENT_TARGET = 10.2;
				LD_RUNPATH_SEARCH_PATHS = "$(inherited) @executable_path/Frameworks";
				PRODUCT_BUNDLE_IDENTIFIER = BaBaBiBo.Cleaner;
				PRODUCT_NAME = "$(TARGET_NAME)";
				SWIFT_VERSION = 4.0;
				TARGETED_DEVICE_FAMILY = "1,2";
			};
			name = Release;
		};
		FF0E30A01F8214FF006CCBA9 /* Debug */ = {
			isa = XCBuildConfiguration;
			buildSettings = {
				ALWAYS_EMBED_SWIFT_STANDARD_LIBRARIES = YES;
				BUNDLE_LOADER = "$(TEST_HOST)";
				INFOPLIST_FILE = CleanerTests/Info.plist;
				LD_RUNPATH_SEARCH_PATHS = "$(inherited) @executable_path/Frameworks @loader_path/Frameworks";
				PRODUCT_BUNDLE_IDENTIFIER = BaBaBiBo.CleanerTests;
				PRODUCT_NAME = "$(TARGET_NAME)";
				SWIFT_VERSION = 4.0;
				TARGETED_DEVICE_FAMILY = "1,2";
				TEST_HOST = "$(BUILT_PRODUCTS_DIR)/Cleaner.app/Cleaner";
			};
			name = Debug;
		};
		FF0E30A11F8214FF006CCBA9 /* Release */ = {
			isa = XCBuildConfiguration;
			buildSettings = {
				ALWAYS_EMBED_SWIFT_STANDARD_LIBRARIES = YES;
				BUNDLE_LOADER = "$(TEST_HOST)";
				INFOPLIST_FILE = CleanerTests/Info.plist;
				LD_RUNPATH_SEARCH_PATHS = "$(inherited) @executable_path/Frameworks @loader_path/Frameworks";
				PRODUCT_BUNDLE_IDENTIFIER = BaBaBiBo.CleanerTests;
				PRODUCT_NAME = "$(TARGET_NAME)";
				SWIFT_VERSION = 4.0;
				TARGETED_DEVICE_FAMILY = "1,2";
				TEST_HOST = "$(BUILT_PRODUCTS_DIR)/Cleaner.app/Cleaner";
			};
			name = Release;
		};
		FF0E30A31F8214FF006CCBA9 /* Debug */ = {
			isa = XCBuildConfiguration;
			buildSettings = {
				ALWAYS_EMBED_SWIFT_STANDARD_LIBRARIES = YES;
				INFOPLIST_FILE = CleanerUITests/Info.plist;
				LD_RUNPATH_SEARCH_PATHS = "$(inherited) @executable_path/Frameworks @loader_path/Frameworks";
				PRODUCT_BUNDLE_IDENTIFIER = BaBaBiBo.CleanerUITests;
				PRODUCT_NAME = "$(TARGET_NAME)";
				SWIFT_VERSION = 4.0;
				TARGETED_DEVICE_FAMILY = "1,2";
				TEST_TARGET_NAME = Cleaner;
			};
			name = Debug;
		};
		FF0E30A41F8214FF006CCBA9 /* Release */ = {
			isa = XCBuildConfiguration;
			buildSettings = {
				ALWAYS_EMBED_SWIFT_STANDARD_LIBRARIES = YES;
				INFOPLIST_FILE = CleanerUITests/Info.plist;
				LD_RUNPATH_SEARCH_PATHS = "$(inherited) @executable_path/Frameworks @loader_path/Frameworks";
				PRODUCT_BUNDLE_IDENTIFIER = BaBaBiBo.CleanerUITests;
				PRODUCT_NAME = "$(TARGET_NAME)";
				SWIFT_VERSION = 4.0;
				TARGETED_DEVICE_FAMILY = "1,2";
				TEST_TARGET_NAME = Cleaner;
			};
			name = Release;
		};
/* End XCBuildConfiguration section */

/* Begin XCConfigurationList section */
		FF0E306F1F8214FF006CCBA9 /* Build configuration list for PBXProject "Cleaner" */ = {
			isa = XCConfigurationList;
			buildConfigurations = (
				FF0E309A1F8214FF006CCBA9 /* Debug */,
				FF0E309B1F8214FF006CCBA9 /* Release */,
			);
			defaultConfigurationIsVisible = 0;
			defaultConfigurationName = Release;
		};
		FF0E309C1F8214FF006CCBA9 /* Build configuration list for PBXNativeTarget "Cleaner" */ = {
			isa = XCConfigurationList;
			buildConfigurations = (
				FF0E309D1F8214FF006CCBA9 /* Debug */,
				FF0E309E1F8214FF006CCBA9 /* Release */,
			);
			defaultConfigurationIsVisible = 0;
			defaultConfigurationName = Release;
		};
		FF0E309F1F8214FF006CCBA9 /* Build configuration list for PBXNativeTarget "CleanerTests" */ = {
			isa = XCConfigurationList;
			buildConfigurations = (
				FF0E30A01F8214FF006CCBA9 /* Debug */,
				FF0E30A11F8214FF006CCBA9 /* Release */,
			);
			defaultConfigurationIsVisible = 0;
			defaultConfigurationName = Release;
		};
		FF0E30A21F8214FF006CCBA9 /* Build configuration list for PBXNativeTarget "CleanerUITests" */ = {
			isa = XCConfigurationList;
			buildConfigurations = (
				FF0E30A31F8214FF006CCBA9 /* Debug */,
				FF0E30A41F8214FF006CCBA9 /* Release */,
			);
			defaultConfigurationIsVisible = 0;
			defaultConfigurationName = Release;
		};
/* End XCConfigurationList section */
	};
	rootObject = FF0E306C1F8214FF006CCBA9 /* Project object */;
}
